// !$*UTF8*$!
{
	archiveVersion = 1;
	classes = {
	};
	objectVersion = 56;
	objects = {

/* Begin PBXBuildFile section */
		34F220D8D673EDCE8244B41F /* Pods_YMKtry.framework in Frameworks */ = {isa = PBXBuildFile; fileRef = 99C2945B65902C47FB774CF3 /* Pods_YMKtry.framework */; };
		CE1EE04D29509BBD009230C0 /* Add icon.png in Resources */ = {isa = PBXBuildFile; fileRef = CE1EE04C29509BBC009230C0 /* Add icon.png */; };
		CE1EE04F29509BD8009230C0 /* gearshape.fill.png in Resources */ = {isa = PBXBuildFile; fileRef = CE1EE04E29509BD7009230C0 /* gearshape.fill.png */; };
		CE1EE05129509BEE009230C0 /* bookmark.fill.png in Resources */ = {isa = PBXBuildFile; fileRef = CE1EE05029509BEE009230C0 /* bookmark.fill.png */; };
		CE4CCC6E2950F6320057455D /* tapToAddButton.swift in Sources */ = {isa = PBXBuildFile; fileRef = CE4CCC6D2950F6320057455D /* tapToAddButton.swift */; };
		CE4CCC702950F6700057455D /* RootViewController.swift in Sources */ = {isa = PBXBuildFile; fileRef = CE4CCC6F2950F6700057455D /* RootViewController.swift */; };
		CE4CCC7429510EA40057455D /* chevron.backward.png in Resources */ = {isa = PBXBuildFile; fileRef = CE4CCC7329510EA40057455D /* chevron.backward.png */; };
		CE4CCC762951197E0057455D /* placemark.png in Resources */ = {isa = PBXBuildFile; fileRef = CE4CCC752951197E0057455D /* placemark.png */; };
		CE4CCC82295259810057455D /* suggestion.swift in Sources */ = {isa = PBXBuildFile; fileRef = CE4CCC81295259810057455D /* suggestion.swift */; };
		CE4CCC8A295324200057455D /* magnifyingglass.png in Resources */ = {isa = PBXBuildFile; fileRef = CE4CCC89295324200057455D /* magnifyingglass.png */; };
		CE4CCC8C2953DFA30057455D /* AddingEvent.swift in Sources */ = {isa = PBXBuildFile; fileRef = CE4CCC8B2953DFA30057455D /* AddingEvent.swift */; };
		CEC00B39293F8CE5009C3438 /* AppDelegate.swift in Sources */ = {isa = PBXBuildFile; fileRef = CEC00B38293F8CE5009C3438 /* AppDelegate.swift */; };
		CEC00B3D293F8CE5009C3438 /* ViewController.swift in Sources */ = {isa = PBXBuildFile; fileRef = CEC00B3C293F8CE5009C3438 /* ViewController.swift */; };
		CEC00B42293F8CE8009C3438 /* Assets.xcassets in Resources */ = {isa = PBXBuildFile; fileRef = CEC00B41293F8CE8009C3438 /* Assets.xcassets */; };
/* End PBXBuildFile section */

/* Begin PBXFileReference section */
		143DFF0203467C77D095BF15 /* Pods-YMKtry.release.xcconfig */ = {isa = PBXFileReference; includeInIndex = 1; lastKnownFileType = text.xcconfig; name = "Pods-YMKtry.release.xcconfig"; path = "Target Support Files/Pods-YMKtry/Pods-YMKtry.release.xcconfig"; sourceTree = "<group>"; };
		99C2945B65902C47FB774CF3 /* Pods_YMKtry.framework */ = {isa = PBXFileReference; explicitFileType = wrapper.framework; includeInIndex = 0; path = Pods_YMKtry.framework; sourceTree = BUILT_PRODUCTS_DIR; };
		C23B7714586979459280913B /* Pods-YMKtry.debug.xcconfig */ = {isa = PBXFileReference; includeInIndex = 1; lastKnownFileType = text.xcconfig; name = "Pods-YMKtry.debug.xcconfig"; path = "Target Support Files/Pods-YMKtry/Pods-YMKtry.debug.xcconfig"; sourceTree = "<group>"; };
		CE1EE04C29509BBC009230C0 /* Add icon.png */ = {isa = PBXFileReference; lastKnownFileType = image.png; path = "Add icon.png"; sourceTree = "<group>"; };
		CE1EE04E29509BD7009230C0 /* gearshape.fill.png */ = {isa = PBXFileReference; lastKnownFileType = image.png; path = gearshape.fill.png; sourceTree = "<group>"; };
		CE1EE05029509BEE009230C0 /* bookmark.fill.png */ = {isa = PBXFileReference; lastKnownFileType = image.png; path = bookmark.fill.png; sourceTree = "<group>"; };
		CE4CCC6D2950F6320057455D /* tapToAddButton.swift */ = {isa = PBXFileReference; lastKnownFileType = sourcecode.swift; path = tapToAddButton.swift; sourceTree = "<group>"; };
		CE4CCC6F2950F6700057455D /* RootViewController.swift */ = {isa = PBXFileReference; lastKnownFileType = sourcecode.swift; path = RootViewController.swift; sourceTree = "<group>"; };
		CE4CCC7329510EA40057455D /* chevron.backward.png */ = {isa = PBXFileReference; lastKnownFileType = image.png; path = chevron.backward.png; sourceTree = "<group>"; };
		CE4CCC752951197E0057455D /* placemark.png */ = {isa = PBXFileReference; lastKnownFileType = image.png; path = placemark.png; sourceTree = "<group>"; };
		CE4CCC81295259810057455D /* suggestion.swift */ = {isa = PBXFileReference; lastKnownFileType = sourcecode.swift; path = suggestion.swift; sourceTree = "<group>"; };
		CE4CCC89295324200057455D /* magnifyingglass.png */ = {isa = PBXFileReference; lastKnownFileType = image.png; path = magnifyingglass.png; sourceTree = "<group>"; };
		CE4CCC8B2953DFA30057455D /* AddingEvent.swift */ = {isa = PBXFileReference; fileEncoding = 4; lastKnownFileType = sourcecode.swift; name = AddingEvent.swift; path = ../../../journeys.1/journeys.1/AddingEvent.swift; sourceTree = "<group>"; };
		CEC00B35293F8CE5009C3438 /* YMKtry.app */ = {isa = PBXFileReference; explicitFileType = wrapper.application; includeInIndex = 0; path = YMKtry.app; sourceTree = BUILT_PRODUCTS_DIR; };
		CEC00B38293F8CE5009C3438 /* AppDelegate.swift */ = {isa = PBXFileReference; lastKnownFileType = sourcecode.swift; path = AppDelegate.swift; sourceTree = "<group>"; };
		CEC00B3C293F8CE5009C3438 /* ViewController.swift */ = {isa = PBXFileReference; lastKnownFileType = sourcecode.swift; path = ViewController.swift; sourceTree = "<group>"; };
		CEC00B41293F8CE8009C3438 /* Assets.xcassets */ = {isa = PBXFileReference; lastKnownFileType = folder.assetcatalog; path = Assets.xcassets; sourceTree = "<group>"; };
		CEC00B46293F8CE8009C3438 /* Info.plist */ = {isa = PBXFileReference; lastKnownFileType = text.plist.xml; path = Info.plist; sourceTree = "<group>"; };
/* End PBXFileReference section */

/* Begin PBXFrameworksBuildPhase section */
		CEC00B32293F8CE5009C3438 /* Frameworks */ = {
			isa = PBXFrameworksBuildPhase;
			buildActionMask = 2147483647;
			files = (
				34F220D8D673EDCE8244B41F /* Pods_YMKtry.framework in Frameworks */,
			);
			runOnlyForDeploymentPostprocessing = 0;
		};
/* End PBXFrameworksBuildPhase section */

/* Begin PBXGroup section */
		AB3D9C0DA15180EF2027524E /* Pods */ = {
			isa = PBXGroup;
			children = (
				C23B7714586979459280913B /* Pods-YMKtry.debug.xcconfig */,
				143DFF0203467C77D095BF15 /* Pods-YMKtry.release.xcconfig */,
			);
			path = Pods;
			sourceTree = "<group>";
		};
		CEC00B2C293F8CE5009C3438 = {
			isa = PBXGroup;
			children = (
				CEC00B37293F8CE5009C3438 /* YMKtry */,
				CEC00B36293F8CE5009C3438 /* Products */,
				AB3D9C0DA15180EF2027524E /* Pods */,
				F2479E2CBE6E123E31DD155C /* Frameworks */,
			);
			sourceTree = "<group>";
		};
		CEC00B36293F8CE5009C3438 /* Products */ = {
			isa = PBXGroup;
			children = (
				CEC00B35293F8CE5009C3438 /* YMKtry.app */,
			);
			name = Products;
			sourceTree = "<group>";
		};
		CEC00B37293F8CE5009C3438 /* YMKtry */ = {
			isa = PBXGroup;
			children = (
				CE4CCC752951197E0057455D /* placemark.png */,
				CE4CCC89295324200057455D /* magnifyingglass.png */,
				CE1EE04C29509BBC009230C0 /* Add icon.png */,
				CE4CCC7329510EA40057455D /* chevron.backward.png */,
				CE1EE04E29509BD7009230C0 /* gearshape.fill.png */,
				CE1EE05029509BEE009230C0 /* bookmark.fill.png */,
				CEC00B38293F8CE5009C3438 /* AppDelegate.swift */,
				CEC00B3C293F8CE5009C3438 /* ViewController.swift */,
				CE4CCC6F2950F6700057455D /* RootViewController.swift */,
				CE4CCC6D2950F6320057455D /* tapToAddButton.swift */,
				CE4CCC81295259810057455D /* suggestion.swift */,
				CE4CCC8B2953DFA30057455D /* AddingEvent.swift */,
				CEC00B41293F8CE8009C3438 /* Assets.xcassets */,
				CEC00B46293F8CE8009C3438 /* Info.plist */,
			);
			path = YMKtry;
			sourceTree = "<group>";
		};
		F2479E2CBE6E123E31DD155C /* Frameworks */ = {
			isa = PBXGroup;
			children = (
				99C2945B65902C47FB774CF3 /* Pods_YMKtry.framework */,
			);
			name = Frameworks;
			sourceTree = "<group>";
		};
/* End PBXGroup section */

/* Begin PBXNativeTarget section */
		CEC00B34293F8CE5009C3438 /* YMKtry */ = {
			isa = PBXNativeTarget;
			buildConfigurationList = CEC00B49293F8CE8009C3438 /* Build configuration list for PBXNativeTarget "YMKtry" */;
			buildPhases = (
				CA632DAAC1CDF973AC0D998B /* [CP] Check Pods Manifest.lock */,
				CEC00B31293F8CE5009C3438 /* Sources */,
				CEC00B32293F8CE5009C3438 /* Frameworks */,
				CEC00B33293F8CE5009C3438 /* Resources */,
				85608BA078E57C267C98CCD0 /* [CP] Embed Pods Frameworks */,
				C9F9909F1A3B5F82DD440770 /* [CP] Copy Pods Resources */,
			);
			buildRules = (
			);
			dependencies = (
			);
			name = YMKtry;
			productName = YMKtry;
			productReference = CEC00B35293F8CE5009C3438 /* YMKtry.app */;
			productType = "com.apple.product-type.application";
		};
/* End PBXNativeTarget section */

/* Begin PBXProject section */
		CEC00B2D293F8CE5009C3438 /* Project object */ = {
			isa = PBXProject;
			attributes = {
				BuildIndependentTargetsInParallel = 1;
				LastSwiftUpdateCheck = 1400;
				LastUpgradeCheck = 1400;
				TargetAttributes = {
					CEC00B34293F8CE5009C3438 = {
						CreatedOnToolsVersion = 14.0.1;
					};
				};
			};
			buildConfigurationList = CEC00B30293F8CE5009C3438 /* Build configuration list for PBXProject "YMKtry" */;
			compatibilityVersion = "Xcode 14.0";
			developmentRegion = en;
			hasScannedForEncodings = 0;
			knownRegions = (
				en,
				Base,
			);
			mainGroup = CEC00B2C293F8CE5009C3438;
			productRefGroup = CEC00B36293F8CE5009C3438 /* Products */;
			projectDirPath = "";
			projectRoot = "";
			targets = (
				CEC00B34293F8CE5009C3438 /* YMKtry */,
			);
		};
/* End PBXProject section */

/* Begin PBXResourcesBuildPhase section */
		CEC00B33293F8CE5009C3438 /* Resources */ = {
			isa = PBXResourcesBuildPhase;
			buildActionMask = 2147483647;
			files = (
				CE1EE04F29509BD8009230C0 /* gearshape.fill.png in Resources */,
				CE4CCC8A295324200057455D /* magnifyingglass.png in Resources */,
				CEC00B42293F8CE8009C3438 /* Assets.xcassets in Resources */,
				CE1EE04D29509BBD009230C0 /* Add icon.png in Resources */,
				CE4CCC7429510EA40057455D /* chevron.backward.png in Resources */,
				CE4CCC762951197E0057455D /* placemark.png in Resources */,
				CE1EE05129509BEE009230C0 /* bookmark.fill.png in Resources */,
			);
			runOnlyForDeploymentPostprocessing = 0;
		};
/* End PBXResourcesBuildPhase section */

/* Begin PBXShellScriptBuildPhase section */
		85608BA078E57C267C98CCD0 /* [CP] Embed Pods Frameworks */ = {
			isa = PBXShellScriptBuildPhase;
			buildActionMask = 2147483647;
			files = (
			);
			inputFileListPaths = (
				"${PODS_ROOT}/Target Support Files/Pods-YMKtry/Pods-YMKtry-frameworks-${CONFIGURATION}-input-files.xcfilelist",
			);
			name = "[CP] Embed Pods Frameworks";
			outputFileListPaths = (
				"${PODS_ROOT}/Target Support Files/Pods-YMKtry/Pods-YMKtry-frameworks-${CONFIGURATION}-output-files.xcfilelist",
			);
			runOnlyForDeploymentPostprocessing = 0;
			shellPath = /bin/sh;
			shellScript = "\"${PODS_ROOT}/Target Support Files/Pods-YMKtry/Pods-YMKtry-frameworks.sh\"\n";
			showEnvVarsInLog = 0;
		};
		C9F9909F1A3B5F82DD440770 /* [CP] Copy Pods Resources */ = {
			isa = PBXShellScriptBuildPhase;
			buildActionMask = 2147483647;
			files = (
			);
			inputFileListPaths = (
				"${PODS_ROOT}/Target Support Files/Pods-YMKtry/Pods-YMKtry-resources-${CONFIGURATION}-input-files.xcfilelist",
			);
			name = "[CP] Copy Pods Resources";
			outputFileListPaths = (
				"${PODS_ROOT}/Target Support Files/Pods-YMKtry/Pods-YMKtry-resources-${CONFIGURATION}-output-files.xcfilelist",
			);
			runOnlyForDeploymentPostprocessing = 0;
			shellPath = /bin/sh;
			shellScript = "\"${PODS_ROOT}/Target Support Files/Pods-YMKtry/Pods-YMKtry-resources.sh\"\n";
			showEnvVarsInLog = 0;
		};
		CA632DAAC1CDF973AC0D998B /* [CP] Check Pods Manifest.lock */ = {
			isa = PBXShellScriptBuildPhase;
			buildActionMask = 2147483647;
			files = (
			);
			inputFileListPaths = (
			);
			inputPaths = (
				"${PODS_PODFILE_DIR_PATH}/Podfile.lock",
				"${PODS_ROOT}/Manifest.lock",
			);
			name = "[CP] Check Pods Manifest.lock";
			outputFileListPaths = (
			);
			outputPaths = (
				"$(DERIVED_FILE_DIR)/Pods-YMKtry-checkManifestLockResult.txt",
			);
			runOnlyForDeploymentPostprocessing = 0;
			shellPath = /bin/sh;
			shellScript = "diff \"${PODS_PODFILE_DIR_PATH}/Podfile.lock\" \"${PODS_ROOT}/Manifest.lock\" > /dev/null\nif [ $? != 0 ] ; then\n    # print error to STDERR\n    echo \"error: The sandbox is not in sync with the Podfile.lock. Run 'pod install' or update your CocoaPods installation.\" >&2\n    exit 1\nfi\n# This output is used by Xcode 'outputs' to avoid re-running this script phase.\necho \"SUCCESS\" > \"${SCRIPT_OUTPUT_FILE_0}\"\n";
			showEnvVarsInLog = 0;
		};
/* End PBXShellScriptBuildPhase section */

/* Begin PBXSourcesBuildPhase section */
		CEC00B31293F8CE5009C3438 /* Sources */ = {
			isa = PBXSourcesBuildPhase;
			buildActionMask = 2147483647;
			files = (
				CE4CCC8C2953DFA30057455D /* AddingEvent.swift in Sources */,
				CEC00B3D293F8CE5009C3438 /* ViewController.swift in Sources */,
				CE4CCC6E2950F6320057455D /* tapToAddButton.swift in Sources */,
				CEC00B39293F8CE5009C3438 /* AppDelegate.swift in Sources */,
				CE4CCC702950F6700057455D /* RootViewController.swift in Sources */,
				CE4CCC82295259810057455D /* suggestion.swift in Sources */,
			);
			runOnlyForDeploymentPostprocessing = 0;
		};
/* End PBXSourcesBuildPhase section */

/* Begin XCBuildConfiguration section */
		CEC00B47293F8CE8009C3438 /* Debug */ = {
			isa = XCBuildConfiguration;
			buildSettings = {
				ALWAYS_SEARCH_USER_PATHS = NO;
				CLANG_ANALYZER_NONNULL = YES;
				CLANG_ANALYZER_NUMBER_OBJECT_CONVERSION = YES_AGGRESSIVE;
				CLANG_CXX_LANGUAGE_STANDARD = "gnu++20";
				CLANG_ENABLE_MODULES = YES;
				CLANG_ENABLE_OBJC_ARC = YES;
				CLANG_ENABLE_OBJC_WEAK = YES;
				CLANG_WARN_BLOCK_CAPTURE_AUTORELEASING = YES;
				CLANG_WARN_BOOL_CONVERSION = YES;
				CLANG_WARN_COMMA = YES;
				CLANG_WARN_CONSTANT_CONVERSION = YES;
				CLANG_WARN_DEPRECATED_OBJC_IMPLEMENTATIONS = YES;
				CLANG_WARN_DIRECT_OBJC_ISA_USAGE = YES_ERROR;
				CLANG_WARN_DOCUMENTATION_COMMENTS = YES;
				CLANG_WARN_EMPTY_BODY = YES;
				CLANG_WARN_ENUM_CONVERSION = YES;
				CLANG_WARN_INFINITE_RECURSION = YES;
				CLANG_WARN_INT_CONVERSION = YES;
				CLANG_WARN_NON_LITERAL_NULL_CONVERSION = YES;
				CLANG_WARN_OBJC_IMPLICIT_RETAIN_SELF = YES;
				CLANG_WARN_OBJC_LITERAL_CONVERSION = YES;
				CLANG_WARN_OBJC_ROOT_CLASS = YES_ERROR;
				CLANG_WARN_QUOTED_INCLUDE_IN_FRAMEWORK_HEADER = YES;
				CLANG_WARN_RANGE_LOOP_ANALYSIS = YES;
				CLANG_WARN_STRICT_PROTOTYPES = YES;
				CLANG_WARN_SUSPICIOUS_MOVE = YES;
				CLANG_WARN_UNGUARDED_AVAILABILITY = YES_AGGRESSIVE;
				CLANG_WARN_UNREACHABLE_CODE = YES;
				CLANG_WARN__DUPLICATE_METHOD_MATCH = YES;
				COPY_PHASE_STRIP = NO;
				DEBUG_INFORMATION_FORMAT = dwarf;
				ENABLE_STRICT_OBJC_MSGSEND = YES;
				ENABLE_TESTABILITY = YES;
				GCC_C_LANGUAGE_STANDARD = gnu11;
				GCC_DYNAMIC_NO_PIC = NO;
				GCC_NO_COMMON_BLOCKS = YES;
				GCC_OPTIMIZATION_LEVEL = 0;
				GCC_PREPROCESSOR_DEFINITIONS = (
					"DEBUG=1",
					"$(inherited)",
				);
				GCC_WARN_64_TO_32_BIT_CONVERSION = YES;
				GCC_WARN_ABOUT_RETURN_TYPE = YES_ERROR;
				GCC_WARN_UNDECLARED_SELECTOR = YES;
				GCC_WARN_UNINITIALIZED_AUTOS = YES_AGGRESSIVE;
				GCC_WARN_UNUSED_FUNCTION = YES;
				GCC_WARN_UNUSED_VARIABLE = YES;
				IPHONEOS_DEPLOYMENT_TARGET = 16.0;
				MTL_ENABLE_DEBUG_INFO = INCLUDE_SOURCE;
				MTL_FAST_MATH = YES;
				ONLY_ACTIVE_ARCH = YES;
				SDKROOT = iphoneos;
				SWIFT_ACTIVE_COMPILATION_CONDITIONS = DEBUG;
				SWIFT_OPTIMIZATION_LEVEL = "-Onone";
			};
			name = Debug;
		};
		CEC00B48293F8CE8009C3438 /* Release */ = {
			isa = XCBuildConfiguration;
			buildSettings = {
				ALWAYS_SEARCH_USER_PATHS = NO;
				CLANG_ANALYZER_NONNULL = YES;
				CLANG_ANALYZER_NUMBER_OBJECT_CONVERSION = YES_AGGRESSIVE;
				CLANG_CXX_LANGUAGE_STANDARD = "gnu++20";
				CLANG_ENABLE_MODULES = YES;
				CLANG_ENABLE_OBJC_ARC = YES;
				CLANG_ENABLE_OBJC_WEAK = YES;
				CLANG_WARN_BLOCK_CAPTURE_AUTORELEASING = YES;
				CLANG_WARN_BOOL_CONVERSION = YES;
				CLANG_WARN_COMMA = YES;
				CLANG_WARN_CONSTANT_CONVERSION = YES;
				CLANG_WARN_DEPRECATED_OBJC_IMPLEMENTATIONS = YES;
				CLANG_WARN_DIRECT_OBJC_ISA_USAGE = YES_ERROR;
				CLANG_WARN_DOCUMENTATION_COMMENTS = YES;
				CLANG_WARN_EMPTY_BODY = YES;
				CLANG_WARN_ENUM_CONVERSION = YES;
				CLANG_WARN_INFINITE_RECURSION = YES;
				CLANG_WARN_INT_CONVERSION = YES;
				CLANG_WARN_NON_LITERAL_NULL_CONVERSION = YES;
				CLANG_WARN_OBJC_IMPLICIT_RETAIN_SELF = YES;
				CLANG_WARN_OBJC_LITERAL_CONVERSION = YES;
				CLANG_WARN_OBJC_ROOT_CLASS = YES_ERROR;
				CLANG_WARN_QUOTED_INCLUDE_IN_FRAMEWORK_HEADER = YES;
				CLANG_WARN_RANGE_LOOP_ANALYSIS = YES;
				CLANG_WARN_STRICT_PROTOTYPES = YES;
				CLANG_WARN_SUSPICIOUS_MOVE = YES;
				CLANG_WARN_UNGUARDED_AVAILABILITY = YES_AGGRESSIVE;
				CLANG_WARN_UNREACHABLE_CODE = YES;
				CLANG_WARN__DUPLICATE_METHOD_MATCH = YES;
				COPY_PHASE_STRIP = NO;
				DEBUG_INFORMATION_FORMAT = "dwarf-with-dsym";
				ENABLE_NS_ASSERTIONS = NO;
				ENABLE_STRICT_OBJC_MSGSEND = YES;
				GCC_C_LANGUAGE_STANDARD = gnu11;
				GCC_NO_COMMON_BLOCKS = YES;
				GCC_WARN_64_TO_32_BIT_CONVERSION = YES;
				GCC_WARN_ABOUT_RETURN_TYPE = YES_ERROR;
				GCC_WARN_UNDECLARED_SELECTOR = YES;
				GCC_WARN_UNINITIALIZED_AUTOS = YES_AGGRESSIVE;
				GCC_WARN_UNUSED_FUNCTION = YES;
				GCC_WARN_UNUSED_VARIABLE = YES;
				IPHONEOS_DEPLOYMENT_TARGET = 16.0;
				MTL_ENABLE_DEBUG_INFO = NO;
				MTL_FAST_MATH = YES;
				SDKROOT = iphoneos;
				SWIFT_COMPILATION_MODE = wholemodule;
				SWIFT_OPTIMIZATION_LEVEL = "-O";
				VALIDATE_PRODUCT = YES;
			};
			name = Release;
		};
		CEC00B4A293F8CE8009C3438 /* Debug */ = {
			isa = XCBuildConfiguration;
			baseConfigurationReference = C23B7714586979459280913B /* Pods-YMKtry.debug.xcconfig */;
			buildSettings = {
				ASSETCATALOG_COMPILER_APPICON_NAME = AppIcon;
				ASSETCATALOG_COMPILER_GLOBAL_ACCENT_COLOR_NAME = AccentColor;
				CODE_SIGN_STYLE = Automatic;
				CURRENT_PROJECT_VERSION = 1;
				GENERATE_INFOPLIST_FILE = YES;
				INFOPLIST_FILE = YMKtry/Info.plist;
				INFOPLIST_KEY_UIApplicationSupportsIndirectInputEvents = YES;
				INFOPLIST_KEY_UILaunchStoryboardName = LaunchScreen;
				INFOPLIST_KEY_UISupportedInterfaceOrientations_iPad = "UIInterfaceOrientationPortrait UIInterfaceOrientationPortraitUpsideDown UIInterfaceOrientationLandscapeLeft UIInterfaceOrientationLandscapeRight";
				INFOPLIST_KEY_UISupportedInterfaceOrientations_iPhone = "UIInterfaceOrientationPortrait UIInterfaceOrientationLandscapeLeft UIInterfaceOrientationLandscapeRight";
				LD_RUNPATH_SEARCH_PATHS = (
					"$(inherited)",
					"@executable_path/Frameworks",
				);
				MARKETING_VERSION = 1.0;
				PRODUCT_BUNDLE_IDENTIFIER = j.YMKtry;
				PRODUCT_NAME = "$(TARGET_NAME)";
				SWIFT_EMIT_LOC_STRINGS = YES;
				SWIFT_VERSION = 5.0;
				TARGETED_DEVICE_FAMILY = "1,2";
			};
			name = Debug;
		};
		CEC00B4B293F8CE8009C3438 /* Release */ = {
			isa = XCBuildConfiguration;
			baseConfigurationReference = 143DFF0203467C77D095BF15 /* Pods-YMKtry.release.xcconfig */;
			buildSettings = {
				ASSETCATALOG_COMPILER_APPICON_NAME = AppIcon;
				ASSETCATALOG_COMPILER_GLOBAL_ACCENT_COLOR_NAME = AccentColor;
				CODE_SIGN_STYLE = Automatic;
				CURRENT_PROJECT_VERSION = 1;
				GENERATE_INFOPLIST_FILE = YES;
				INFOPLIST_FILE = YMKtry/Info.plist;
				INFOPLIST_KEY_UIApplicationSupportsIndirectInputEvents = YES;
				INFOPLIST_KEY_UILaunchStoryboardName = LaunchScreen;
				INFOPLIST_KEY_UISupportedInterfaceOrientations_iPad = "UIInterfaceOrientationPortrait UIInterfaceOrientationPortraitUpsideDown UIInterfaceOrientationLandscapeLeft UIInterfaceOrientationLandscapeRight";
				INFOPLIST_KEY_UISupportedInterfaceOrientations_iPhone = "UIInterfaceOrientationPortrait UIInterfaceOrientationLandscapeLeft UIInterfaceOrientationLandscapeRight";
				LD_RUNPATH_SEARCH_PATHS = (
					"$(inherited)",
					"@executable_path/Frameworks",
				);
				MARKETING_VERSION = 1.0;
				PRODUCT_BUNDLE_IDENTIFIER = j.YMKtry;
				PRODUCT_NAME = "$(TARGET_NAME)";
				SWIFT_EMIT_LOC_STRINGS = YES;
				SWIFT_VERSION = 5.0;
				TARGETED_DEVICE_FAMILY = "1,2";
			};
			name = Release;
		};
/* End XCBuildConfiguration section */

/* Begin XCConfigurationList section */
		CEC00B30293F8CE5009C3438 /* Build configuration list for PBXProject "YMKtry" */ = {
			isa = XCConfigurationList;
			buildConfigurations = (
				CEC00B47293F8CE8009C3438 /* Debug */,
				CEC00B48293F8CE8009C3438 /* Release */,
			);
			defaultConfigurationIsVisible = 0;
			defaultConfigurationName = Release;
		};
		CEC00B49293F8CE8009C3438 /* Build configuration list for PBXNativeTarget "YMKtry" */ = {
			isa = XCConfigurationList;
			buildConfigurations = (
				CEC00B4A293F8CE8009C3438 /* Debug */,
				CEC00B4B293F8CE8009C3438 /* Release */,
			);
			defaultConfigurationIsVisible = 0;
			defaultConfigurationName = Release;
		};
/* End XCConfigurationList section */
	};
	rootObject = CEC00B2D293F8CE5009C3438 /* Project object */;
}
