PODS:
  - SnapKit (5.6.0)
  - SwiftGen (6.5.1)
  - SwiftLint (0.47.1)

DEPENDENCIES:
  - SnapKit (= 5.6.0)
  - SwiftGen (~> 6.5.1)
  - SwiftLint

SPEC REPOS:
  trunk:
    - SnapKit
    - SwiftGen
    - SwiftLint

SPEC CHECKSUMS:
  SnapKit: e01d52ebb8ddbc333eefe2132acf85c8227d9c25
  SwiftGen: a6d22010845f08fe18fbdf3a07a8e380fd22e0ea
  SwiftLint: f80f1be7fa96d30e0aa68e58d45d4ea1ccaac519

PODFILE CHECKSUM: 2af17535e7d4659f5ce341f80b2123e7129dcaf7

COCOAPODS: 1.11.3
