// !$*UTF8*$!
{
	archiveVersion = 1;
	classes = {
	};
	objectVersion = 55;
	objects = {

/* Begin PBXBuildFile section */
		28D5F49566F6A1A03CAC54E4 /* NewTripViewController.swift in Sources */ = {isa = PBXBuildFile; fileRef = 5B42B14C07D7736B7420A9BE /* NewTripViewController.swift */; };
		46C5E46F5DDDF92A7BCBBB95 /* NewTripPresenter.swift in Sources */ = {isa = PBXBuildFile; fileRef = 792BDE3B5462D01CA6808525 /* NewTripPresenter.swift */; };
		509D553489AB5EE3C1BA274C /* NewTripModel.swift in Sources */ = {isa = PBXBuildFile; fileRef = B1892EE1075B446A5FEEE98A /* NewTripModel.swift */; };
		71EF7FB558F57987EEF0E8C1 /* NewTripViewIO.swift in Sources */ = {isa = PBXBuildFile; fileRef = DC4AB6B0FC6FB796BD3AA060 /* NewTripViewIO.swift */; };
		8C3E547321A8145172E638B7 /* Pods_Journeys.framework in Frameworks */ = {isa = PBXBuildFile; fileRef = C29DB9F31881DC25A3BE5CC4 /* Pods_Journeys.framework */; };
		CE0C736729144428009A600C /* NewTripCityCell.swift in Sources */ = {isa = PBXBuildFile; fileRef = CE0C736629144428009A600C /* NewTripCityCell.swift */; };
		D5F5CBE8BFCA338ECBBF3337 /* NewTripModuleIO.swift in Sources */ = {isa = PBXBuildFile; fileRef = B91B8226283BA7CE47D02356 /* NewTripModuleIO.swift */; };
		E794B3FA65BB952774064495 /* NewTripBuilder.swift in Sources */ = {isa = PBXBuildFile; fileRef = BA8098E9A7C7CB7A5920D98F /* NewTripBuilder.swift */; };
		EE0AF93E2913010D00EC52D3 /* AppDelegate.swift in Sources */ = {isa = PBXBuildFile; fileRef = EE0AF93D2913010D00EC52D3 /* AppDelegate.swift */; };
		EE0AF9402913010D00EC52D3 /* SceneDelegate.swift in Sources */ = {isa = PBXBuildFile; fileRef = EE0AF93F2913010D00EC52D3 /* SceneDelegate.swift */; };
		EE0AF9422913010D00EC52D3 /* ViewController.swift in Sources */ = {isa = PBXBuildFile; fileRef = EE0AF9412913010D00EC52D3 /* ViewController.swift */; };
		EE0AF9452913010D00EC52D3 /* Main.storyboard in Resources */ = {isa = PBXBuildFile; fileRef = EE0AF9432913010D00EC52D3 /* Main.storyboard */; };
		EE0AF9472913010F00EC52D3 /* Assets.xcassets in Resources */ = {isa = PBXBuildFile; fileRef = EE0AF9462913010F00EC52D3 /* Assets.xcassets */; };
		EE0AF94A2913010F00EC52D3 /* LaunchScreen.storyboard in Resources */ = {isa = PBXBuildFile; fileRef = EE0AF9482913010F00EC52D3 /* LaunchScreen.storyboard */; };
/* End PBXBuildFile section */

/* Begin PBXFileReference section */
		47620DF94FEFF7B85CF9E151 /* Pods-Journeys.release.xcconfig */ = {isa = PBXFileReference; includeInIndex = 1; lastKnownFileType = text.xcconfig; name = "Pods-Journeys.release.xcconfig"; path = "Target Support Files/Pods-Journeys/Pods-Journeys.release.xcconfig"; sourceTree = "<group>"; };
		5B42B14C07D7736B7420A9BE /* NewTripViewController.swift */ = {isa = PBXFileReference; includeInIndex = 1; lastKnownFileType = sourcecode.swift; path = NewTripViewController.swift; sourceTree = "<group>"; };
		7454357CD73FC1AAB180D862 /* Pods-Journeys.debug.xcconfig */ = {isa = PBXFileReference; includeInIndex = 1; lastKnownFileType = text.xcconfig; name = "Pods-Journeys.debug.xcconfig"; path = "Target Support Files/Pods-Journeys/Pods-Journeys.debug.xcconfig"; sourceTree = "<group>"; };
		792BDE3B5462D01CA6808525 /* NewTripPresenter.swift */ = {isa = PBXFileReference; includeInIndex = 1; lastKnownFileType = sourcecode.swift; path = NewTripPresenter.swift; sourceTree = "<group>"; };
		B1892EE1075B446A5FEEE98A /* NewTripModel.swift */ = {isa = PBXFileReference; includeInIndex = 1; lastKnownFileType = sourcecode.swift; path = NewTripModel.swift; sourceTree = "<group>"; };
		B91B8226283BA7CE47D02356 /* NewTripModuleIO.swift */ = {isa = PBXFileReference; includeInIndex = 1; lastKnownFileType = sourcecode.swift; path = NewTripModuleIO.swift; sourceTree = "<group>"; };
		BA8098E9A7C7CB7A5920D98F /* NewTripBuilder.swift */ = {isa = PBXFileReference; includeInIndex = 1; lastKnownFileType = sourcecode.swift; path = NewTripBuilder.swift; sourceTree = "<group>"; };
		C29DB9F31881DC25A3BE5CC4 /* Pods_Journeys.framework */ = {isa = PBXFileReference; explicitFileType = wrapper.framework; includeInIndex = 0; path = Pods_Journeys.framework; sourceTree = BUILT_PRODUCTS_DIR; };
		CE0C736629144428009A600C /* NewTripCityCell.swift */ = {isa = PBXFileReference; lastKnownFileType = sourcecode.swift; path = NewTripCityCell.swift; sourceTree = "<group>"; };
		DC4AB6B0FC6FB796BD3AA060 /* NewTripViewIO.swift */ = {isa = PBXFileReference; includeInIndex = 1; lastKnownFileType = sourcecode.swift; path = NewTripViewIO.swift; sourceTree = "<group>"; };
		EE0AF93A2913010D00EC52D3 /* Journeys.app */ = {isa = PBXFileReference; explicitFileType = wrapper.application; includeInIndex = 0; path = Journeys.app; sourceTree = BUILT_PRODUCTS_DIR; };
		EE0AF93D2913010D00EC52D3 /* AppDelegate.swift */ = {isa = PBXFileReference; lastKnownFileType = sourcecode.swift; path = AppDelegate.swift; sourceTree = "<group>"; };
		EE0AF93F2913010D00EC52D3 /* SceneDelegate.swift */ = {isa = PBXFileReference; lastKnownFileType = sourcecode.swift; path = SceneDelegate.swift; sourceTree = "<group>"; };
		EE0AF9412913010D00EC52D3 /* ViewController.swift */ = {isa = PBXFileReference; lastKnownFileType = sourcecode.swift; path = ViewController.swift; sourceTree = "<group>"; };
		EE0AF9442913010D00EC52D3 /* Base */ = {isa = PBXFileReference; lastKnownFileType = file.storyboard; name = Base; path = Base.lproj/Main.storyboard; sourceTree = "<group>"; };
		EE0AF9462913010F00EC52D3 /* Assets.xcassets */ = {isa = PBXFileReference; lastKnownFileType = folder.assetcatalog; path = Assets.xcassets; sourceTree = "<group>"; };
		EE0AF9492913010F00EC52D3 /* Base */ = {isa = PBXFileReference; lastKnownFileType = file.storyboard; name = Base; path = Base.lproj/LaunchScreen.storyboard; sourceTree = "<group>"; };
		EE0AF94B2913010F00EC52D3 /* Info.plist */ = {isa = PBXFileReference; lastKnownFileType = text.plist.xml; path = Info.plist; sourceTree = "<group>"; };
/* End PBXFileReference section */

/* Begin PBXFrameworksBuildPhase section */
		EE0AF9372913010D00EC52D3 /* Frameworks */ = {
			isa = PBXFrameworksBuildPhase;
			buildActionMask = 2147483647;
			files = (
				8C3E547321A8145172E638B7 /* Pods_Journeys.framework in Frameworks */,
			);
			runOnlyForDeploymentPostprocessing = 0;
		};
/* End PBXFrameworksBuildPhase section */

/* Begin PBXGroup section */
		22D4F5790BD9280A2675DF2D /* Frameworks */ = {
			isa = PBXGroup;
			children = (
				C29DB9F31881DC25A3BE5CC4 /* Pods_Journeys.framework */,
			);
			name = Frameworks;
			sourceTree = "<group>";
		};
		5549474FE90C6002A16A1846 /* Pods */ = {
			isa = PBXGroup;
			children = (
				7454357CD73FC1AAB180D862 /* Pods-Journeys.debug.xcconfig */,
				47620DF94FEFF7B85CF9E151 /* Pods-Journeys.release.xcconfig */,
			);
			path = Pods;
			sourceTree = "<group>";
		};
		5AD9A4968F959796420BE641 /* View */ = {
			isa = PBXGroup;
			children = (
				DC4AB6B0FC6FB796BD3AA060 /* NewTripViewIO.swift */,
				5B42B14C07D7736B7420A9BE /* NewTripViewController.swift */,
				CE0C736629144428009A600C /* NewTripCityCell.swift */,
			);
			path = View;
			sourceTree = "<group>";
		};
		655568DFBA9953938EF79650 /* NewTrip */ = {
			isa = PBXGroup;
			children = (
				5AD9A4968F959796420BE641 /* View */,
				D91C9F1C78F15D07E3209692 /* Presenter */,
				B4284781315143B6A79D2385 /* Model */,
				BA8098E9A7C7CB7A5920D98F /* NewTripBuilder.swift */,
			);
			path = NewTrip;
			sourceTree = "<group>";
		};
		B4284781315143B6A79D2385 /* Model */ = {
			isa = PBXGroup;
			children = (
				B1892EE1075B446A5FEEE98A /* NewTripModel.swift */,
			);
			path = Model;
			sourceTree = "<group>";
		};
		D91C9F1C78F15D07E3209692 /* Presenter */ = {
			isa = PBXGroup;
			children = (
				B91B8226283BA7CE47D02356 /* NewTripModuleIO.swift */,
				792BDE3B5462D01CA6808525 /* NewTripPresenter.swift */,
			);
			path = Presenter;
			sourceTree = "<group>";
		};
		EE0AF9312913010D00EC52D3 = {
			isa = PBXGroup;
			children = (
				EE0AF93C2913010D00EC52D3 /* Journeys */,
				EE0AF93B2913010D00EC52D3 /* Products */,
				5549474FE90C6002A16A1846 /* Pods */,
				22D4F5790BD9280A2675DF2D /* Frameworks */,
			);
			sourceTree = "<group>";
		};
		EE0AF93B2913010D00EC52D3 /* Products */ = {
			isa = PBXGroup;
			children = (
				EE0AF93A2913010D00EC52D3 /* Journeys.app */,
			);
			name = Products;
			sourceTree = "<group>";
		};
		EE0AF93C2913010D00EC52D3 /* Journeys */ = {
			isa = PBXGroup;
			children = (
				EE0AF951291301C500EC52D3 /* Modules */,
				EE0AF93D2913010D00EC52D3 /* AppDelegate.swift */,
				EE0AF93F2913010D00EC52D3 /* SceneDelegate.swift */,
				EE0AF9412913010D00EC52D3 /* ViewController.swift */,
				EE0AF9432913010D00EC52D3 /* Main.storyboard */,
				EE0AF9462913010F00EC52D3 /* Assets.xcassets */,
				EE0AF9482913010F00EC52D3 /* LaunchScreen.storyboard */,
				EE0AF94B2913010F00EC52D3 /* Info.plist */,
			);
			path = Journeys;
			sourceTree = "<group>";
		};
		EE0AF951291301C500EC52D3 /* Modules */ = {
			isa = PBXGroup;
			children = (
				655568DFBA9953938EF79650 /* NewTrip */,
			);
			path = Modules;
			sourceTree = "<group>";
		};
/* End PBXGroup section */

/* Begin PBXNativeTarget section */
		EE0AF9392913010D00EC52D3 /* Journeys */ = {
			isa = PBXNativeTarget;
			buildConfigurationList = EE0AF94E2913010F00EC52D3 /* Build configuration list for PBXNativeTarget "Journeys" */;
			buildPhases = (
				6D44BE887C65BCC223BB2E2E /* [CP] Check Pods Manifest.lock */,
				EE0AF9362913010D00EC52D3 /* Sources */,
				EE0AF9372913010D00EC52D3 /* Frameworks */,
				EE0AF9382913010D00EC52D3 /* Resources */,
				114831E652E508A0C79E287B /* [CP] Embed Pods Frameworks */,
			);
			buildRules = (
			);
			dependencies = (
			);
			name = Journeys;
			productName = Journeys;
			productReference = EE0AF93A2913010D00EC52D3 /* Journeys.app */;
			productType = "com.apple.product-type.application";
		};
/* End PBXNativeTarget section */

/* Begin PBXProject section */
		EE0AF9322913010D00EC52D3 /* Project object */ = {
			isa = PBXProject;
			attributes = {
				BuildIndependentTargetsInParallel = 1;
				LastSwiftUpdateCheck = 1320;
				LastUpgradeCheck = 1320;
				TargetAttributes = {
					EE0AF9392913010D00EC52D3 = {
						CreatedOnToolsVersion = 13.2.1;
					};
				};
			};
			buildConfigurationList = EE0AF9352913010D00EC52D3 /* Build configuration list for PBXProject "Journeys" */;
			compatibilityVersion = "Xcode 13.0";
			developmentRegion = en;
			hasScannedForEncodings = 0;
			knownRegions = (
				en,
				Base,
			);
			mainGroup = EE0AF9312913010D00EC52D3;
			productRefGroup = EE0AF93B2913010D00EC52D3 /* Products */;
			projectDirPath = "";
			projectRoot = "";
			targets = (
				EE0AF9392913010D00EC52D3 /* Journeys */,
			);
		};
/* End PBXProject section */

/* Begin PBXResourcesBuildPhase section */
		EE0AF9382913010D00EC52D3 /* Resources */ = {
			isa = PBXResourcesBuildPhase;
			buildActionMask = 2147483647;
			files = (
				EE0AF94A2913010F00EC52D3 /* LaunchScreen.storyboard in Resources */,
				EE0AF9472913010F00EC52D3 /* Assets.xcassets in Resources */,
				EE0AF9452913010D00EC52D3 /* Main.storyboard in Resources */,
			);
			runOnlyForDeploymentPostprocessing = 0;
		};
/* End PBXResourcesBuildPhase section */

/* Begin PBXShellScriptBuildPhase section */
		114831E652E508A0C79E287B /* [CP] Embed Pods Frameworks */ = {
			isa = PBXShellScriptBuildPhase;
			buildActionMask = 2147483647;
			files = (
			);
			inputFileListPaths = (
				"${PODS_ROOT}/Target Support Files/Pods-Journeys/Pods-Journeys-frameworks-${CONFIGURATION}-input-files.xcfilelist",
			);
			name = "[CP] Embed Pods Frameworks";
			outputFileListPaths = (
				"${PODS_ROOT}/Target Support Files/Pods-Journeys/Pods-Journeys-frameworks-${CONFIGURATION}-output-files.xcfilelist",
			);
			runOnlyForDeploymentPostprocessing = 0;
			shellPath = /bin/sh;
			shellScript = "\"${PODS_ROOT}/Target Support Files/Pods-Journeys/Pods-Journeys-frameworks.sh\"\n";
			showEnvVarsInLog = 0;
		};
		6D44BE887C65BCC223BB2E2E /* [CP] Check Pods Manifest.lock */ = {
			isa = PBXShellScriptBuildPhase;
			buildActionMask = 2147483647;
			files = (
			);
			inputFileListPaths = (
			);
			inputPaths = (
				"${PODS_PODFILE_DIR_PATH}/Podfile.lock",
				"${PODS_ROOT}/Manifest.lock",
			);
			name = "[CP] Check Pods Manifest.lock";
			outputFileListPaths = (
			);
			outputPaths = (
				"$(DERIVED_FILE_DIR)/Pods-Journeys-checkManifestLockResult.txt",
			);
			runOnlyForDeploymentPostprocessing = 0;
			shellPath = /bin/sh;
			shellScript = "diff \"${PODS_PODFILE_DIR_PATH}/Podfile.lock\" \"${PODS_ROOT}/Manifest.lock\" > /dev/null\nif [ $? != 0 ] ; then\n    # print error to STDERR\n    echo \"error: The sandbox is not in sync with the Podfile.lock. Run 'pod install' or update your CocoaPods installation.\" >&2\n    exit 1\nfi\n# This output is used by Xcode 'outputs' to avoid re-running this script phase.\necho \"SUCCESS\" > \"${SCRIPT_OUTPUT_FILE_0}\"\n";
			showEnvVarsInLog = 0;
		};
/* End PBXShellScriptBuildPhase section */

/* Begin PBXSourcesBuildPhase section */
		EE0AF9362913010D00EC52D3 /* Sources */ = {
			isa = PBXSourcesBuildPhase;
			buildActionMask = 2147483647;
			files = (
				EE0AF9422913010D00EC52D3 /* ViewController.swift in Sources */,
				EE0AF93E2913010D00EC52D3 /* AppDelegate.swift in Sources */,
				EE0AF9402913010D00EC52D3 /* SceneDelegate.swift in Sources */,
				71EF7FB558F57987EEF0E8C1 /* NewTripViewIO.swift in Sources */,
				28D5F49566F6A1A03CAC54E4 /* NewTripViewController.swift in Sources */,
				D5F5CBE8BFCA338ECBBF3337 /* NewTripModuleIO.swift in Sources */,
				46C5E46F5DDDF92A7BCBBB95 /* NewTripPresenter.swift in Sources */,
				509D553489AB5EE3C1BA274C /* NewTripModel.swift in Sources */,
				CE0C736729144428009A600C /* NewTripCityCell.swift in Sources */,
				E794B3FA65BB952774064495 /* NewTripBuilder.swift in Sources */,
			);
			runOnlyForDeploymentPostprocessing = 0;
		};
/* End PBXSourcesBuildPhase section */

/* Begin PBXVariantGroup section */
		EE0AF9432913010D00EC52D3 /* Main.storyboard */ = {
			isa = PBXVariantGroup;
			children = (
				EE0AF9442913010D00EC52D3 /* Base */,
			);
			name = Main.storyboard;
			sourceTree = "<group>";
		};
		EE0AF9482913010F00EC52D3 /* LaunchScreen.storyboard */ = {
			isa = PBXVariantGroup;
			children = (
				EE0AF9492913010F00EC52D3 /* Base */,
			);
			name = LaunchScreen.storyboard;
			sourceTree = "<group>";
		};
/* End PBXVariantGroup section */

/* Begin XCBuildConfiguration section */
		EE0AF94C2913010F00EC52D3 /* Debug */ = {
			isa = XCBuildConfiguration;
			buildSettings = {
				ALWAYS_SEARCH_USER_PATHS = NO;
				CLANG_ANALYZER_NONNULL = YES;
				CLANG_ANALYZER_NUMBER_OBJECT_CONVERSION = YES_AGGRESSIVE;
				CLANG_CXX_LANGUAGE_STANDARD = "gnu++17";
				CLANG_CXX_LIBRARY = "libc++";
				CLANG_ENABLE_MODULES = YES;
				CLANG_ENABLE_OBJC_ARC = YES;
				CLANG_ENABLE_OBJC_WEAK = YES;
				CLANG_WARN_BLOCK_CAPTURE_AUTORELEASING = YES;
				CLANG_WARN_BOOL_CONVERSION = YES;
				CLANG_WARN_COMMA = YES;
				CLANG_WARN_CONSTANT_CONVERSION = YES;
				CLANG_WARN_DEPRECATED_OBJC_IMPLEMENTATIONS = YES;
				CLANG_WARN_DIRECT_OBJC_ISA_USAGE = YES_ERROR;
				CLANG_WARN_DOCUMENTATION_COMMENTS = YES;
				CLANG_WARN_EMPTY_BODY = YES;
				CLANG_WARN_ENUM_CONVERSION = YES;
				CLANG_WARN_INFINITE_RECURSION = YES;
				CLANG_WARN_INT_CONVERSION = YES;
				CLANG_WARN_NON_LITERAL_NULL_CONVERSION = YES;
				CLANG_WARN_OBJC_IMPLICIT_RETAIN_SELF = YES;
				CLANG_WARN_OBJC_LITERAL_CONVERSION = YES;
				CLANG_WARN_OBJC_ROOT_CLASS = YES_ERROR;
				CLANG_WARN_QUOTED_INCLUDE_IN_FRAMEWORK_HEADER = YES;
				CLANG_WARN_RANGE_LOOP_ANALYSIS = YES;
				CLANG_WARN_STRICT_PROTOTYPES = YES;
				CLANG_WARN_SUSPICIOUS_MOVE = YES;
				CLANG_WARN_UNGUARDED_AVAILABILITY = YES_AGGRESSIVE;
				CLANG_WARN_UNREACHABLE_CODE = YES;
				CLANG_WARN__DUPLICATE_METHOD_MATCH = YES;
				COPY_PHASE_STRIP = NO;
				DEBUG_INFORMATION_FORMAT = dwarf;
				ENABLE_STRICT_OBJC_MSGSEND = YES;
				ENABLE_TESTABILITY = YES;
				GCC_C_LANGUAGE_STANDARD = gnu11;
				GCC_DYNAMIC_NO_PIC = NO;
				GCC_NO_COMMON_BLOCKS = YES;
				GCC_OPTIMIZATION_LEVEL = 0;
				GCC_PREPROCESSOR_DEFINITIONS = (
					"DEBUG=1",
					"$(inherited)",
				);
				GCC_WARN_64_TO_32_BIT_CONVERSION = YES;
				GCC_WARN_ABOUT_RETURN_TYPE = YES_ERROR;
				GCC_WARN_UNDECLARED_SELECTOR = YES;
				GCC_WARN_UNINITIALIZED_AUTOS = YES_AGGRESSIVE;
				GCC_WARN_UNUSED_FUNCTION = YES;
				GCC_WARN_UNUSED_VARIABLE = YES;
				IPHONEOS_DEPLOYMENT_TARGET = 15.2;
				MTL_ENABLE_DEBUG_INFO = INCLUDE_SOURCE;
				MTL_FAST_MATH = YES;
				ONLY_ACTIVE_ARCH = YES;
				SDKROOT = iphoneos;
				SWIFT_ACTIVE_COMPILATION_CONDITIONS = DEBUG;
				SWIFT_OPTIMIZATION_LEVEL = "-Onone";
			};
			name = Debug;
		};
		EE0AF94D2913010F00EC52D3 /* Release */ = {
			isa = XCBuildConfiguration;
			buildSettings = {
				ALWAYS_SEARCH_USER_PATHS = NO;
				CLANG_ANALYZER_NONNULL = YES;
				CLANG_ANALYZER_NUMBER_OBJECT_CONVERSION = YES_AGGRESSIVE;
				CLANG_CXX_LANGUAGE_STANDARD = "gnu++17";
				CLANG_CXX_LIBRARY = "libc++";
				CLANG_ENABLE_MODULES = YES;
				CLANG_ENABLE_OBJC_ARC = YES;
				CLANG_ENABLE_OBJC_WEAK = YES;
				CLANG_WARN_BLOCK_CAPTURE_AUTORELEASING = YES;
				CLANG_WARN_BOOL_CONVERSION = YES;
				CLANG_WARN_COMMA = YES;
				CLANG_WARN_CONSTANT_CONVERSION = YES;
				CLANG_WARN_DEPRECATED_OBJC_IMPLEMENTATIONS = YES;
				CLANG_WARN_DIRECT_OBJC_ISA_USAGE = YES_ERROR;
				CLANG_WARN_DOCUMENTATION_COMMENTS = YES;
				CLANG_WARN_EMPTY_BODY = YES;
				CLANG_WARN_ENUM_CONVERSION = YES;
				CLANG_WARN_INFINITE_RECURSION = YES;
				CLANG_WARN_INT_CONVERSION = YES;
				CLANG_WARN_NON_LITERAL_NULL_CONVERSION = YES;
				CLANG_WARN_OBJC_IMPLICIT_RETAIN_SELF = YES;
				CLANG_WARN_OBJC_LITERAL_CONVERSION = YES;
				CLANG_WARN_OBJC_ROOT_CLASS = YES_ERROR;
				CLANG_WARN_QUOTED_INCLUDE_IN_FRAMEWORK_HEADER = YES;
				CLANG_WARN_RANGE_LOOP_ANALYSIS = YES;
				CLANG_WARN_STRICT_PROTOTYPES = YES;
				CLANG_WARN_SUSPICIOUS_MOVE = YES;
				CLANG_WARN_UNGUARDED_AVAILABILITY = YES_AGGRESSIVE;
				CLANG_WARN_UNREACHABLE_CODE = YES;
				CLANG_WARN__DUPLICATE_METHOD_MATCH = YES;
				COPY_PHASE_STRIP = NO;
				DEBUG_INFORMATION_FORMAT = "dwarf-with-dsym";
				ENABLE_NS_ASSERTIONS = NO;
				ENABLE_STRICT_OBJC_MSGSEND = YES;
				GCC_C_LANGUAGE_STANDARD = gnu11;
				GCC_NO_COMMON_BLOCKS = YES;
				GCC_WARN_64_TO_32_BIT_CONVERSION = YES;
				GCC_WARN_ABOUT_RETURN_TYPE = YES_ERROR;
				GCC_WARN_UNDECLARED_SELECTOR = YES;
				GCC_WARN_UNINITIALIZED_AUTOS = YES_AGGRESSIVE;
				GCC_WARN_UNUSED_FUNCTION = YES;
				GCC_WARN_UNUSED_VARIABLE = YES;
				IPHONEOS_DEPLOYMENT_TARGET = 15.2;
				MTL_ENABLE_DEBUG_INFO = NO;
				MTL_FAST_MATH = YES;
				SDKROOT = iphoneos;
				SWIFT_COMPILATION_MODE = wholemodule;
				SWIFT_OPTIMIZATION_LEVEL = "-O";
				VALIDATE_PRODUCT = YES;
			};
			name = Release;
		};
		EE0AF94F2913010F00EC52D3 /* Debug */ = {
			isa = XCBuildConfiguration;
			baseConfigurationReference = 7454357CD73FC1AAB180D862 /* Pods-Journeys.debug.xcconfig */;
			buildSettings = {
				ASSETCATALOG_COMPILER_APPICON_NAME = AppIcon;
				ASSETCATALOG_COMPILER_GLOBAL_ACCENT_COLOR_NAME = AccentColor;
				CODE_SIGN_STYLE = Automatic;
				CURRENT_PROJECT_VERSION = 1;
				DEVELOPMENT_TEAM = 7PH9Q6K5X2;
				GENERATE_INFOPLIST_FILE = YES;
				INFOPLIST_FILE = Journeys/Info.plist;
				INFOPLIST_KEY_UIApplicationSupportsIndirectInputEvents = YES;
				INFOPLIST_KEY_UILaunchStoryboardName = LaunchScreen;
				INFOPLIST_KEY_UISupportedInterfaceOrientations_iPad = "UIInterfaceOrientationPortrait UIInterfaceOrientationPortraitUpsideDown UIInterfaceOrientationLandscapeLeft UIInterfaceOrientationLandscapeRight";
				INFOPLIST_KEY_UISupportedInterfaceOrientations_iPhone = "UIInterfaceOrientationPortrait UIInterfaceOrientationLandscapeLeft UIInterfaceOrientationLandscapeRight";
				LD_RUNPATH_SEARCH_PATHS = (
					"$(inherited)",
					"@executable_path/Frameworks",
				);
				MARKETING_VERSION = 1.0;
				PRODUCT_BUNDLE_IDENTIFIER = ru.noorganization.Journeys;
				PRODUCT_NAME = "$(TARGET_NAME)";
				SWIFT_EMIT_LOC_STRINGS = YES;
				SWIFT_VERSION = 5.0;
				TARGETED_DEVICE_FAMILY = "1,2";
			};
			name = Debug;
		};
		EE0AF9502913010F00EC52D3 /* Release */ = {
			isa = XCBuildConfiguration;
			baseConfigurationReference = 47620DF94FEFF7B85CF9E151 /* Pods-Journeys.release.xcconfig */;
			buildSettings = {
				ASSETCATALOG_COMPILER_APPICON_NAME = AppIcon;
				ASSETCATALOG_COMPILER_GLOBAL_ACCENT_COLOR_NAME = AccentColor;
				CODE_SIGN_STYLE = Automatic;
				CURRENT_PROJECT_VERSION = 1;
				DEVELOPMENT_TEAM = 7PH9Q6K5X2;
				GENERATE_INFOPLIST_FILE = YES;
				INFOPLIST_FILE = Journeys/Info.plist;
				INFOPLIST_KEY_UIApplicationSupportsIndirectInputEvents = YES;
				INFOPLIST_KEY_UILaunchStoryboardName = LaunchScreen;
				INFOPLIST_KEY_UISupportedInterfaceOrientations_iPad = "UIInterfaceOrientationPortrait UIInterfaceOrientationPortraitUpsideDown UIInterfaceOrientationLandscapeLeft UIInterfaceOrientationLandscapeRight";
				INFOPLIST_KEY_UISupportedInterfaceOrientations_iPhone = "UIInterfaceOrientationPortrait UIInterfaceOrientationLandscapeLeft UIInterfaceOrientationLandscapeRight";
				LD_RUNPATH_SEARCH_PATHS = (
					"$(inherited)",
					"@executable_path/Frameworks",
				);
				MARKETING_VERSION = 1.0;
				PRODUCT_BUNDLE_IDENTIFIER = ru.noorganization.Journeys;
				PRODUCT_NAME = "$(TARGET_NAME)";
				SWIFT_EMIT_LOC_STRINGS = YES;
				SWIFT_VERSION = 5.0;
				TARGETED_DEVICE_FAMILY = "1,2";
			};
			name = Release;
		};
/* End XCBuildConfiguration section */

/* Begin XCConfigurationList section */
		EE0AF9352913010D00EC52D3 /* Build configuration list for PBXProject "Journeys" */ = {
			isa = XCConfigurationList;
			buildConfigurations = (
				EE0AF94C2913010F00EC52D3 /* Debug */,
				EE0AF94D2913010F00EC52D3 /* Release */,
			);
			defaultConfigurationIsVisible = 0;
			defaultConfigurationName = Release;
		};
		EE0AF94E2913010F00EC52D3 /* Build configuration list for PBXNativeTarget "Journeys" */ = {
			isa = XCConfigurationList;
			buildConfigurations = (
				EE0AF94F2913010F00EC52D3 /* Debug */,
				EE0AF9502913010F00EC52D3 /* Release */,
			);
			defaultConfigurationIsVisible = 0;
			defaultConfigurationName = Release;
		};
/* End XCConfigurationList section */
	};
	rootObject = EE0AF9322913010D00EC52D3 /* Project object */;
}
