// !$*UTF8*$!
{
	archiveVersion = 1;
	classes = {
	};
	objectVersion = 55;
	objects = {

/* Begin PBXBuildFile section */
		093861F1C840A5A7EA2ABBB0 /* TripsViewController.swift in Sources */ = {isa = PBXBuildFile; fileRef = 551FBB3C3A6EBAA3F5825F1E /* TripsViewController.swift */; };
		0D65A2337583A24729F852B1 /* AddNewLocationBuilder.swift in Sources */ = {isa = PBXBuildFile; fileRef = F4A76FCB7DE71B4D0835960C /* AddNewLocationBuilder.swift */; };
		0F6FD83F50CCD8533C888533 /* TripsRouter.swift in Sources */ = {isa = PBXBuildFile; fileRef = 8EBDC0F10F5CD5FD772D3371 /* TripsRouter.swift */; };
		10708D44F55C9485F789DD9B /* TripsPresenter.swift in Sources */ = {isa = PBXBuildFile; fileRef = 842916911296584B6D97761A /* TripsPresenter.swift */; };
		42F5E9147912D8D43EB79AA4 /* AddNewLocationModuleIO.swift in Sources */ = {isa = PBXBuildFile; fileRef = 183B945F498EE426CEA7B330 /* AddNewLocationModuleIO.swift */; };
		668AB39849F8F5E0DBE3C8F4 /* TripsModel.swift in Sources */ = {isa = PBXBuildFile; fileRef = 0AF490FDC4B357AFC27B31C9 /* TripsModel.swift */; };
		678EC2173D55FABDA74E2A5F /* TripsModuleIO.swift in Sources */ = {isa = PBXBuildFile; fileRef = B6A73637212D312DF808EE9D /* TripsModuleIO.swift */; };
		7BD7FBF6368C4ADCBC0B8866 /* TripsBuilder.swift in Sources */ = {isa = PBXBuildFile; fileRef = E483DF62B28C4DBC30739F6A /* TripsBuilder.swift */; };
		877628B20E359D76C0F8AAE7 /* AddNewLocationViewIO.swift in Sources */ = {isa = PBXBuildFile; fileRef = B6A0AF946DD8212A87AFAF9D /* AddNewLocationViewIO.swift */; };
		91819FAFB33A7ABB47EAB8B0 /* TripsViewIO.swift in Sources */ = {isa = PBXBuildFile; fileRef = 196CCEF28890034F45E73055 /* TripsViewIO.swift */; };
		A837507D56DC8E0FFC90C522 /* TripsInteractor.swift in Sources */ = {isa = PBXBuildFile; fileRef = EC8D65328FD3C306119E7802 /* TripsInteractor.swift */; };
		B28603937176C7F2E653EB4C /* AddNewLocationPresenter.swift in Sources */ = {isa = PBXBuildFile; fileRef = 51B2710AC7E0F5D30592B22D /* AddNewLocationPresenter.swift */; };
		BF7F42F8786135E6F36A9104 /* Pods_Journeys.framework in Frameworks */ = {isa = PBXBuildFile; fileRef = 6E77E324C769C67635517C4A /* Pods_Journeys.framework */; };
		C4FC37CF0BB9C880525BA82D /* TripsInteractorIO.swift in Sources */ = {isa = PBXBuildFile; fileRef = C624D7B25F42404829AF20C9 /* TripsInteractorIO.swift */; };
		EE0AF93E2913010D00EC52D3 /* AppDelegate.swift in Sources */ = {isa = PBXBuildFile; fileRef = EE0AF93D2913010D00EC52D3 /* AppDelegate.swift */; };
		EE0AF9422913010D00EC52D3 /* ViewController.swift in Sources */ = {isa = PBXBuildFile; fileRef = EE0AF9412913010D00EC52D3 /* ViewController.swift */; };
		EE0AF9452913010D00EC52D3 /* Main.storyboard in Resources */ = {isa = PBXBuildFile; fileRef = EE0AF9432913010D00EC52D3 /* Main.storyboard */; };
		EE0AF9472913010F00EC52D3 /* Assets.xcassets in Resources */ = {isa = PBXBuildFile; fileRef = EE0AF9462913010F00EC52D3 /* Assets.xcassets */; };
		EE0AF94A2913010F00EC52D3 /* LaunchScreen.storyboard in Resources */ = {isa = PBXBuildFile; fileRef = EE0AF9482913010F00EC52D3 /* LaunchScreen.storyboard */; };
		EE157F402926AEB300A56157 /* swiftgen.yml in Resources */ = {isa = PBXBuildFile; fileRef = EE157F3F2926AEB300A56157 /* swiftgen.yml */; };
		EE157F432926B2F200A56157 /* Colors.xcassets in Resources */ = {isa = PBXBuildFile; fileRef = EE157F422926B2F200A56157 /* Colors.xcassets */; };
		EE157F482926B39A00A56157 /* XCAssets+Generated.swift in Sources */ = {isa = PBXBuildFile; fileRef = EE157F472926B39A00A56157 /* XCAssets+Generated.swift */; };
		EE29EBF829191534008ECFF8 /* AppCoordinator.swift in Sources */ = {isa = PBXBuildFile; fileRef = EE29EBF729191534008ECFF8 /* AppCoordinator.swift */; };
		EE29EBFA29191558008ECFF8 /* CoordinatorProtocol.swift in Sources */ = {isa = PBXBuildFile; fileRef = EE29EBF929191558008ECFF8 /* CoordinatorProtocol.swift */; };
		EE2B4126291413EC0067BE4F /* TripCell.swift in Sources */ = {isa = PBXBuildFile; fileRef = EE2B4125291413EB0067BE4F /* TripCell.swift */; };
		EE57FF3D2927E7E100212DC2 /* Localizable.strings in Resources */ = {isa = PBXBuildFile; fileRef = EE57FF3B2927E7E100212DC2 /* Localizable.strings */; };
		EE57FF3F2927E8B000212DC2 /* Strings+Generated.swift in Sources */ = {isa = PBXBuildFile; fileRef = EE57FF3E2927E8B000212DC2 /* Strings+Generated.swift */; };
		EEDAF553291C05B300E6DDB9 /* JourneysCoordinator.swift in Sources */ = {isa = PBXBuildFile; fileRef = EEDAF552291C05B300E6DDB9 /* JourneysCoordinator.swift */; };
		EEDAF555291C0F2200E6DDB9 /* AddTripCell.swift in Sources */ = {isa = PBXBuildFile; fileRef = EEDAF554291C0F2200E6DDB9 /* AddTripCell.swift */; };
		EEDAF557291C302500E6DDB9 /* SceneDelegate.swift in Sources */ = {isa = PBXBuildFile; fileRef = EEDAF556291C302500E6DDB9 /* SceneDelegate.swift */; };
		EEDAF55C291D5AF500E6DDB9 /* FloatingButton.swift in Sources */ = {isa = PBXBuildFile; fileRef = EEDAF55B291D5AF500E6DDB9 /* FloatingButton.swift */; };
		EEFA76C7292BE88F00A0B8CA /* NewRouteCreatingModuleIO.swift in Sources */ = {isa = PBXBuildFile; fileRef = EEFA76BF292BE88F00A0B8CA /* NewRouteCreatingModuleIO.swift */; };
		EEFA76C8292BE88F00A0B8CA /* NewRouteCreatingPresenter.swift in Sources */ = {isa = PBXBuildFile; fileRef = EEFA76C0292BE88F00A0B8CA /* NewRouteCreatingPresenter.swift */; };
		EEFA76C9292BE88F00A0B8CA /* NewRouteCreatingBuilder.swift in Sources */ = {isa = PBXBuildFile; fileRef = EEFA76C1292BE88F00A0B8CA /* NewRouteCreatingBuilder.swift */; };
		EEFA76CA292BE88F00A0B8CA /* NewRouteCreatingModel.swift in Sources */ = {isa = PBXBuildFile; fileRef = EEFA76C3292BE88F00A0B8CA /* NewRouteCreatingModel.swift */; };
		EEFA76CB292BE88F00A0B8CA /* NewRouteCreatingViewIO.swift in Sources */ = {isa = PBXBuildFile; fileRef = EEFA76C5292BE88F00A0B8CA /* NewRouteCreatingViewIO.swift */; };
		EEFA76CC292BE88F00A0B8CA /* NewRouteCreatingViewController.swift in Sources */ = {isa = PBXBuildFile; fileRef = EEFA76C6292BE88F00A0B8CA /* NewRouteCreatingViewController.swift */; };
		EEFA76CF292BE93500A0B8CA /* NewRouteCell.swift in Sources */ = {isa = PBXBuildFile; fileRef = EEFA76CE292BE93500A0B8CA /* NewRouteCell.swift */; };
		EEFA76D1292BEAAC00A0B8CA /* UITextField.swift in Sources */ = {isa = PBXBuildFile; fileRef = EEFA76D0292BEAAC00A0B8CA /* UITextField.swift */; };
		EEFA76D3292BED6000A0B8CA /* NewRouteCellDisplayDataFactory.swift in Sources */ = {isa = PBXBuildFile; fileRef = EEFA76D2292BED6000A0B8CA /* NewRouteCellDisplayDataFactory.swift */; };
		EEFA76D9292C4EF300A0B8CA /* AddNewLocationCell.swift in Sources */ = {isa = PBXBuildFile; fileRef = EEFA76D8292C4EF300A0B8CA /* AddNewLocationCell.swift */; };
		EEFA76DB292C5E7E00A0B8CA /* CalendarCell.swift in Sources */ = {isa = PBXBuildFile; fileRef = EEFA76DA292C5E7E00A0B8CA /* CalendarCell.swift */; };
		EFC46B44DC715D0AB5B01639 /* AddNewLocationModel.swift in Sources */ = {isa = PBXBuildFile; fileRef = D5F037949A48EAF01CF6644F /* AddNewLocationModel.swift */; };
		F85D180AC31F83D70AABFF62 /* AddNewLocationViewController.swift in Sources */ = {isa = PBXBuildFile; fileRef = BE8185A5807AF85BC79DA25C /* AddNewLocationViewController.swift */; };
		F92CACD193BE48A33A52A5DC /* TripsRouterInput.swift in Sources */ = {isa = PBXBuildFile; fileRef = FABAFF6132B4BF34FF1262AA /* TripsRouterInput.swift */; };
/* End PBXBuildFile section */

/* Begin PBXFileReference section */
		0AF490FDC4B357AFC27B31C9 /* TripsModel.swift */ = {isa = PBXFileReference; includeInIndex = 1; lastKnownFileType = sourcecode.swift; path = TripsModel.swift; sourceTree = "<group>"; };
		183B945F498EE426CEA7B330 /* AddNewLocationModuleIO.swift */ = {isa = PBXFileReference; includeInIndex = 1; lastKnownFileType = sourcecode.swift; path = AddNewLocationModuleIO.swift; sourceTree = "<group>"; };
		196CCEF28890034F45E73055 /* TripsViewIO.swift */ = {isa = PBXFileReference; includeInIndex = 1; lastKnownFileType = sourcecode.swift; path = TripsViewIO.swift; sourceTree = "<group>"; };
		51B2710AC7E0F5D30592B22D /* AddNewLocationPresenter.swift */ = {isa = PBXFileReference; includeInIndex = 1; lastKnownFileType = sourcecode.swift; path = AddNewLocationPresenter.swift; sourceTree = "<group>"; };
		551FBB3C3A6EBAA3F5825F1E /* TripsViewController.swift */ = {isa = PBXFileReference; includeInIndex = 1; lastKnownFileType = sourcecode.swift; path = TripsViewController.swift; sourceTree = "<group>"; };
		6E77E324C769C67635517C4A /* Pods_Journeys.framework */ = {isa = PBXFileReference; explicitFileType = wrapper.framework; includeInIndex = 0; path = Pods_Journeys.framework; sourceTree = BUILT_PRODUCTS_DIR; };
		842916911296584B6D97761A /* TripsPresenter.swift */ = {isa = PBXFileReference; includeInIndex = 1; lastKnownFileType = sourcecode.swift; path = TripsPresenter.swift; sourceTree = "<group>"; };
		8EBDC0F10F5CD5FD772D3371 /* TripsRouter.swift */ = {isa = PBXFileReference; includeInIndex = 1; lastKnownFileType = sourcecode.swift; path = TripsRouter.swift; sourceTree = "<group>"; };
		B6A0AF946DD8212A87AFAF9D /* AddNewLocationViewIO.swift */ = {isa = PBXFileReference; includeInIndex = 1; lastKnownFileType = sourcecode.swift; path = AddNewLocationViewIO.swift; sourceTree = "<group>"; };
		B6A73637212D312DF808EE9D /* TripsModuleIO.swift */ = {isa = PBXFileReference; includeInIndex = 1; lastKnownFileType = sourcecode.swift; path = TripsModuleIO.swift; sourceTree = "<group>"; };
		BE8185A5807AF85BC79DA25C /* AddNewLocationViewController.swift */ = {isa = PBXFileReference; includeInIndex = 1; lastKnownFileType = sourcecode.swift; path = AddNewLocationViewController.swift; sourceTree = "<group>"; };
		C624D7B25F42404829AF20C9 /* TripsInteractorIO.swift */ = {isa = PBXFileReference; includeInIndex = 1; lastKnownFileType = sourcecode.swift; path = TripsInteractorIO.swift; sourceTree = "<group>"; };
		D5F037949A48EAF01CF6644F /* AddNewLocationModel.swift */ = {isa = PBXFileReference; includeInIndex = 1; lastKnownFileType = sourcecode.swift; path = AddNewLocationModel.swift; sourceTree = "<group>"; };
		DCF2F17A719CC84C3C1DBBE4 /* Pods-Journeys.debug.xcconfig */ = {isa = PBXFileReference; includeInIndex = 1; lastKnownFileType = text.xcconfig; name = "Pods-Journeys.debug.xcconfig"; path = "Target Support Files/Pods-Journeys/Pods-Journeys.debug.xcconfig"; sourceTree = "<group>"; };
		DDA6312968B1102658E7F1AD /* Pods-Journeys.release.xcconfig */ = {isa = PBXFileReference; includeInIndex = 1; lastKnownFileType = text.xcconfig; name = "Pods-Journeys.release.xcconfig"; path = "Target Support Files/Pods-Journeys/Pods-Journeys.release.xcconfig"; sourceTree = "<group>"; };
		E483DF62B28C4DBC30739F6A /* TripsBuilder.swift */ = {isa = PBXFileReference; includeInIndex = 1; lastKnownFileType = sourcecode.swift; path = TripsBuilder.swift; sourceTree = "<group>"; };
		EC8D65328FD3C306119E7802 /* TripsInteractor.swift */ = {isa = PBXFileReference; includeInIndex = 1; lastKnownFileType = sourcecode.swift; path = TripsInteractor.swift; sourceTree = "<group>"; };
		EE0AF93A2913010D00EC52D3 /* Journeys.app */ = {isa = PBXFileReference; explicitFileType = wrapper.application; includeInIndex = 0; path = Journeys.app; sourceTree = BUILT_PRODUCTS_DIR; };
		EE0AF93D2913010D00EC52D3 /* AppDelegate.swift */ = {isa = PBXFileReference; lastKnownFileType = sourcecode.swift; path = AppDelegate.swift; sourceTree = "<group>"; };
		EE0AF9412913010D00EC52D3 /* ViewController.swift */ = {isa = PBXFileReference; lastKnownFileType = sourcecode.swift; path = ViewController.swift; sourceTree = "<group>"; };
		EE0AF9442913010D00EC52D3 /* Base */ = {isa = PBXFileReference; lastKnownFileType = file.storyboard; name = Base; path = Base.lproj/Main.storyboard; sourceTree = "<group>"; };
		EE0AF9462913010F00EC52D3 /* Assets.xcassets */ = {isa = PBXFileReference; lastKnownFileType = folder.assetcatalog; path = Assets.xcassets; sourceTree = "<group>"; };
		EE0AF9492913010F00EC52D3 /* Base */ = {isa = PBXFileReference; lastKnownFileType = file.storyboard; name = Base; path = Base.lproj/LaunchScreen.storyboard; sourceTree = "<group>"; };
		EE0AF94B2913010F00EC52D3 /* Info.plist */ = {isa = PBXFileReference; lastKnownFileType = text.plist.xml; path = Info.plist; sourceTree = "<group>"; };
		EE157F3F2926AEB300A56157 /* swiftgen.yml */ = {isa = PBXFileReference; fileEncoding = 4; lastKnownFileType = text.yaml; path = swiftgen.yml; sourceTree = "<group>"; };
		EE157F422926B2F200A56157 /* Colors.xcassets */ = {isa = PBXFileReference; lastKnownFileType = folder.assetcatalog; path = Colors.xcassets; sourceTree = "<group>"; };
		EE157F472926B39A00A56157 /* XCAssets+Generated.swift */ = {isa = PBXFileReference; fileEncoding = 4; lastKnownFileType = sourcecode.swift; path = "XCAssets+Generated.swift"; sourceTree = "<group>"; };
		EE29EBF729191534008ECFF8 /* AppCoordinator.swift */ = {isa = PBXFileReference; lastKnownFileType = sourcecode.swift; path = AppCoordinator.swift; sourceTree = "<group>"; };
		EE29EBF929191558008ECFF8 /* CoordinatorProtocol.swift */ = {isa = PBXFileReference; lastKnownFileType = sourcecode.swift; path = CoordinatorProtocol.swift; sourceTree = "<group>"; };
		EE2B4125291413EB0067BE4F /* TripCell.swift */ = {isa = PBXFileReference; lastKnownFileType = sourcecode.swift; path = TripCell.swift; sourceTree = "<group>"; };
		EE57FF3C2927E7E100212DC2 /* ru */ = {isa = PBXFileReference; lastKnownFileType = text.plist.strings; name = ru; path = Localizable.strings; sourceTree = "<group>"; };
		EE57FF3E2927E8B000212DC2 /* Strings+Generated.swift */ = {isa = PBXFileReference; fileEncoding = 4; lastKnownFileType = sourcecode.swift; path = "Strings+Generated.swift"; sourceTree = "<group>"; };
		EEDAF552291C05B300E6DDB9 /* JourneysCoordinator.swift */ = {isa = PBXFileReference; lastKnownFileType = sourcecode.swift; path = JourneysCoordinator.swift; sourceTree = "<group>"; };
		EEDAF554291C0F2200E6DDB9 /* AddTripCell.swift */ = {isa = PBXFileReference; lastKnownFileType = sourcecode.swift; path = AddTripCell.swift; sourceTree = "<group>"; };
		EEDAF556291C302500E6DDB9 /* SceneDelegate.swift */ = {isa = PBXFileReference; lastKnownFileType = sourcecode.swift; path = SceneDelegate.swift; sourceTree = "<group>"; };
		EEDAF55B291D5AF500E6DDB9 /* FloatingButton.swift */ = {isa = PBXFileReference; lastKnownFileType = sourcecode.swift; path = FloatingButton.swift; sourceTree = "<group>"; };
		EEFA76BF292BE88F00A0B8CA /* NewRouteCreatingModuleIO.swift */ = {isa = PBXFileReference; fileEncoding = 4; lastKnownFileType = sourcecode.swift; path = NewRouteCreatingModuleIO.swift; sourceTree = "<group>"; };
		EEFA76C0292BE88F00A0B8CA /* NewRouteCreatingPresenter.swift */ = {isa = PBXFileReference; fileEncoding = 4; lastKnownFileType = sourcecode.swift; path = NewRouteCreatingPresenter.swift; sourceTree = "<group>"; };
		EEFA76C1292BE88F00A0B8CA /* NewRouteCreatingBuilder.swift */ = {isa = PBXFileReference; fileEncoding = 4; lastKnownFileType = sourcecode.swift; path = NewRouteCreatingBuilder.swift; sourceTree = "<group>"; };
		EEFA76C3292BE88F00A0B8CA /* NewRouteCreatingModel.swift */ = {isa = PBXFileReference; fileEncoding = 4; lastKnownFileType = sourcecode.swift; path = NewRouteCreatingModel.swift; sourceTree = "<group>"; };
		EEFA76C5292BE88F00A0B8CA /* NewRouteCreatingViewIO.swift */ = {isa = PBXFileReference; fileEncoding = 4; lastKnownFileType = sourcecode.swift; path = NewRouteCreatingViewIO.swift; sourceTree = "<group>"; };
		EEFA76C6292BE88F00A0B8CA /* NewRouteCreatingViewController.swift */ = {isa = PBXFileReference; fileEncoding = 4; lastKnownFileType = sourcecode.swift; path = NewRouteCreatingViewController.swift; sourceTree = "<group>"; };
		EEFA76CE292BE93500A0B8CA /* NewRouteCell.swift */ = {isa = PBXFileReference; lastKnownFileType = sourcecode.swift; path = NewRouteCell.swift; sourceTree = "<group>"; };
		EEFA76D0292BEAAC00A0B8CA /* UITextField.swift */ = {isa = PBXFileReference; lastKnownFileType = sourcecode.swift; path = UITextField.swift; sourceTree = "<group>"; };
		EEFA76D2292BED6000A0B8CA /* NewRouteCellDisplayDataFactory.swift */ = {isa = PBXFileReference; lastKnownFileType = sourcecode.swift; path = NewRouteCellDisplayDataFactory.swift; sourceTree = "<group>"; };
		EEFA76D8292C4EF300A0B8CA /* AddNewLocationCell.swift */ = {isa = PBXFileReference; lastKnownFileType = sourcecode.swift; path = AddNewLocationCell.swift; sourceTree = "<group>"; };
		EEFA76DA292C5E7E00A0B8CA /* CalendarCell.swift */ = {isa = PBXFileReference; lastKnownFileType = sourcecode.swift; path = CalendarCell.swift; sourceTree = "<group>"; };
		F4A76FCB7DE71B4D0835960C /* AddNewLocationBuilder.swift */ = {isa = PBXFileReference; includeInIndex = 1; lastKnownFileType = sourcecode.swift; path = AddNewLocationBuilder.swift; sourceTree = "<group>"; };
		FABAFF6132B4BF34FF1262AA /* TripsRouterInput.swift */ = {isa = PBXFileReference; includeInIndex = 1; lastKnownFileType = sourcecode.swift; path = TripsRouterInput.swift; sourceTree = "<group>"; };
/* End PBXFileReference section */

/* Begin PBXFrameworksBuildPhase section */
		EE0AF9372913010D00EC52D3 /* Frameworks */ = {
			isa = PBXFrameworksBuildPhase;
			buildActionMask = 2147483647;
			files = (
				BF7F42F8786135E6F36A9104 /* Pods_Journeys.framework in Frameworks */,
			);
			runOnlyForDeploymentPostprocessing = 0;
		};
/* End PBXFrameworksBuildPhase section */

/* Begin PBXGroup section */
		07F2BE32A7DA84CF6E736B0A /* Presenter */ = {
			isa = PBXGroup;
			children = (
				B6A73637212D312DF808EE9D /* TripsModuleIO.swift */,
				842916911296584B6D97761A /* TripsPresenter.swift */,
			);
			path = Presenter;
			sourceTree = "<group>";
		};
		192F43419EC89E8DAC8819FF /* Model */ = {
			isa = PBXGroup;
			children = (
				0AF490FDC4B357AFC27B31C9 /* TripsModel.swift */,
			);
			path = Model;
			sourceTree = "<group>";
		};
		726F8B830BB3C329A2D9076B /* Presenter */ = {
			isa = PBXGroup;
			children = (
				183B945F498EE426CEA7B330 /* AddNewLocationModuleIO.swift */,
				51B2710AC7E0F5D30592B22D /* AddNewLocationPresenter.swift */,
			);
			path = Presenter;
			sourceTree = "<group>";
		};
		7B0C9584A25A9EFB720395D2 /* Frameworks */ = {
			isa = PBXGroup;
			children = (
				6E77E324C769C67635517C4A /* Pods_Journeys.framework */,
			);
			name = Frameworks;
			sourceTree = "<group>";
		};
		7CB85C2A924F631A5E5F14EA /* View */ = {
			isa = PBXGroup;
			children = (
				196CCEF28890034F45E73055 /* TripsViewIO.swift */,
				551FBB3C3A6EBAA3F5825F1E /* TripsViewController.swift */,
			);
			path = View;
			sourceTree = "<group>";
		};
		8CE902A573A8621F3BB1CBFC /* Model */ = {
			isa = PBXGroup;
			children = (
				D5F037949A48EAF01CF6644F /* AddNewLocationModel.swift */,
			);
			path = Model;
			sourceTree = "<group>";
		};
		9ABFCE79C7B59590A10F8899 /* Router */ = {
			isa = PBXGroup;
			children = (
				FABAFF6132B4BF34FF1262AA /* TripsRouterInput.swift */,
				8EBDC0F10F5CD5FD772D3371 /* TripsRouter.swift */,
			);
			path = Router;
			sourceTree = "<group>";
		};
		A6B3EA1ACA9775E2354B24AE /* Interactor */ = {
			isa = PBXGroup;
			children = (
				C624D7B25F42404829AF20C9 /* TripsInteractorIO.swift */,
				EC8D65328FD3C306119E7802 /* TripsInteractor.swift */,
			);
			path = Interactor;
			sourceTree = "<group>";
		};
		B05AEDF29DC28FB23E78F1E2 /* AddNewLocation */ = {
			isa = PBXGroup;
			children = (
				EEFA76D7292C4ED800A0B8CA /* AddNewLocationCell */,
				D1FCDB4110F75BF664D4F972 /* View */,
				726F8B830BB3C329A2D9076B /* Presenter */,
				8CE902A573A8621F3BB1CBFC /* Model */,
				F4A76FCB7DE71B4D0835960C /* AddNewLocationBuilder.swift */,
			);
			path = AddNewLocation;
			sourceTree = "<group>";
		};
		D1FCDB4110F75BF664D4F972 /* View */ = {
			isa = PBXGroup;
			children = (
				B6A0AF946DD8212A87AFAF9D /* AddNewLocationViewIO.swift */,
				BE8185A5807AF85BC79DA25C /* AddNewLocationViewController.swift */,
			);
			path = View;
			sourceTree = "<group>";
		};
		E28BB0326D852B2FE981AF93 /* Pods */ = {
			isa = PBXGroup;
			children = (
				DCF2F17A719CC84C3C1DBBE4 /* Pods-Journeys.debug.xcconfig */,
				DDA6312968B1102658E7F1AD /* Pods-Journeys.release.xcconfig */,
			);
			path = Pods;
			sourceTree = "<group>";
		};
		E7C7F8885C59BF0183002C79 /* Trips */ = {
			isa = PBXGroup;
			children = (
				EE2B4124291413C80067BE4F /* TripsCells */,
				7CB85C2A924F631A5E5F14EA /* View */,
				A6B3EA1ACA9775E2354B24AE /* Interactor */,
				07F2BE32A7DA84CF6E736B0A /* Presenter */,
				192F43419EC89E8DAC8819FF /* Model */,
				9ABFCE79C7B59590A10F8899 /* Router */,
				E483DF62B28C4DBC30739F6A /* TripsBuilder.swift */,
			);
			path = Trips;
			sourceTree = "<group>";
		};
		EE0AF9312913010D00EC52D3 = {
			isa = PBXGroup;
			children = (
				EE157F3F2926AEB300A56157 /* swiftgen.yml */,
				EE0AF93C2913010D00EC52D3 /* Journeys */,
				EE0AF93B2913010D00EC52D3 /* Products */,
				E28BB0326D852B2FE981AF93 /* Pods */,
				7B0C9584A25A9EFB720395D2 /* Frameworks */,
			);
			sourceTree = "<group>";
		};
		EE0AF93B2913010D00EC52D3 /* Products */ = {
			isa = PBXGroup;
			children = (
				EE0AF93A2913010D00EC52D3 /* Journeys.app */,
			);
			name = Products;
			sourceTree = "<group>";
		};
		EE0AF93C2913010D00EC52D3 /* Journeys */ = {
			isa = PBXGroup;
			children = (
				EE29EBF029186D4B008ECFF8 /* Extencions */,
				EE0AF951291301C500EC52D3 /* Modules */,
				EE29EBF62919151A008ECFF8 /* Coordinators */,
				EE157F442926B31100A56157 /* Generated */,
				EE57FF372927E6E400212DC2 /* ru.lproj */,
				EE0AF93D2913010D00EC52D3 /* AppDelegate.swift */,
				EEDAF556291C302500E6DDB9 /* SceneDelegate.swift */,
				EE0AF9412913010D00EC52D3 /* ViewController.swift */,
				EE0AF9432913010D00EC52D3 /* Main.storyboard */,
				EE0AF9462913010F00EC52D3 /* Assets.xcassets */,
				EE157F422926B2F200A56157 /* Colors.xcassets */,
				EE0AF9482913010F00EC52D3 /* LaunchScreen.storyboard */,
				EE0AF94B2913010F00EC52D3 /* Info.plist */,
			);
			path = Journeys;
			sourceTree = "<group>";
		};
		EE0AF951291301C500EC52D3 /* Modules */ = {
			isa = PBXGroup;
			children = (
				EEFA76BD292BE88F00A0B8CA /* NewRouteCreating */,
				EEDAF55D291D65C300E6DDB9 /* FloatingButton */,
				E7C7F8885C59BF0183002C79 /* Trips */,
				B05AEDF29DC28FB23E78F1E2 /* AddNewLocation */,
			);
			path = Modules;
			sourceTree = "<group>";
		};
		EE157F442926B31100A56157 /* Generated */ = {
			isa = PBXGroup;
			children = (
				EE57FF3E2927E8B000212DC2 /* Strings+Generated.swift */,
				EE157F472926B39A00A56157 /* XCAssets+Generated.swift */,
			);
			path = Generated;
			sourceTree = "<group>";
		};
		EE29EBF029186D4B008ECFF8 /* Extencions */ = {
			isa = PBXGroup;
			children = (
				EEFA76D0292BEAAC00A0B8CA /* UITextField.swift */,
			);
			path = Extencions;
			sourceTree = "<group>";
		};
		EE29EBF62919151A008ECFF8 /* Coordinators */ = {
			isa = PBXGroup;
			children = (
				EE29EBF929191558008ECFF8 /* CoordinatorProtocol.swift */,
				EE29EBF729191534008ECFF8 /* AppCoordinator.swift */,
				EEDAF552291C05B300E6DDB9 /* JourneysCoordinator.swift */,
			);
			path = Coordinators;
			sourceTree = "<group>";
		};
		EE2B4124291413C80067BE4F /* TripsCells */ = {
			isa = PBXGroup;
			children = (
				EEDAF554291C0F2200E6DDB9 /* AddTripCell.swift */,
				EE2B4125291413EB0067BE4F /* TripCell.swift */,
			);
			path = TripsCells;
			sourceTree = "<group>";
		};
		EE57FF372927E6E400212DC2 /* ru.lproj */ = {
			isa = PBXGroup;
			children = (
				EE57FF3B2927E7E100212DC2 /* Localizable.strings */,
			);
			path = ru.lproj;
			sourceTree = "<group>";
		};
		EEDAF55D291D65C300E6DDB9 /* FloatingButton */ = {
			isa = PBXGroup;
			children = (
				EEDAF55B291D5AF500E6DDB9 /* FloatingButton.swift */,
			);
			path = FloatingButton;
			sourceTree = "<group>";
		};
		EEFA76BD292BE88F00A0B8CA /* NewRouteCreating */ = {
			isa = PBXGroup;
			children = (
				EEFA76CD292BE91000A0B8CA /* NewRouteCell */,
				EEFA76C4292BE88F00A0B8CA /* View */,
				EEFA76BE292BE88F00A0B8CA /* Presenter */,
				EEFA76C2292BE88F00A0B8CA /* Model */,
				EEFA76C1292BE88F00A0B8CA /* NewRouteCreatingBuilder.swift */,
			);
			path = NewRouteCreating;
			sourceTree = "<group>";
		};
		EEFA76BE292BE88F00A0B8CA /* Presenter */ = {
			isa = PBXGroup;
			children = (
				EEFA76BF292BE88F00A0B8CA /* NewRouteCreatingModuleIO.swift */,
				EEFA76C0292BE88F00A0B8CA /* NewRouteCreatingPresenter.swift */,
			);
			path = Presenter;
			sourceTree = "<group>";
		};
		EEFA76C2292BE88F00A0B8CA /* Model */ = {
			isa = PBXGroup;
			children = (
				EEFA76C3292BE88F00A0B8CA /* NewRouteCreatingModel.swift */,
			);
			path = Model;
			sourceTree = "<group>";
		};
		EEFA76C4292BE88F00A0B8CA /* View */ = {
			isa = PBXGroup;
			children = (
				EEFA76C5292BE88F00A0B8CA /* NewRouteCreatingViewIO.swift */,
				EEFA76C6292BE88F00A0B8CA /* NewRouteCreatingViewController.swift */,
			);
			path = View;
			sourceTree = "<group>";
		};
		EEFA76CD292BE91000A0B8CA /* NewRouteCell */ = {
			isa = PBXGroup;
			children = (
				EEFA76D4292C177800A0B8CA /* DataFactory */,
				EEFA76CE292BE93500A0B8CA /* NewRouteCell.swift */,
			);
			path = NewRouteCell;
			sourceTree = "<group>";
		};
		EEFA76D4292C177800A0B8CA /* DataFactory */ = {
			isa = PBXGroup;
			children = (
				EEFA76D2292BED6000A0B8CA /* NewRouteCellDisplayDataFactory.swift */,
			);
			path = DataFactory;
			sourceTree = "<group>";
		};
		EEFA76D7292C4ED800A0B8CA /* AddNewLocationCell */ = {
			isa = PBXGroup;
			children = (
				EEFA76D8292C4EF300A0B8CA /* AddNewLocationCell.swift */,
				EEFA76DA292C5E7E00A0B8CA /* CalendarCell.swift */,
			);
			path = AddNewLocationCell;
			sourceTree = "<group>";
		};
/* End PBXGroup section */

/* Begin PBXNativeTarget section */
		EE0AF9392913010D00EC52D3 /* Journeys */ = {
			isa = PBXNativeTarget;
			buildConfigurationList = EE0AF94E2913010F00EC52D3 /* Build configuration list for PBXNativeTarget "Journeys" */;
			buildPhases = (
				D555645FCE2A79E138FC9C63 /* [CP] Check Pods Manifest.lock */,
				EE0AF9362913010D00EC52D3 /* Sources */,
				EE0AF9372913010D00EC52D3 /* Frameworks */,
				EE0AF9382913010D00EC52D3 /* Resources */,
				5B96560897EF598B6A3EA355 /* [CP] Embed Pods Frameworks */,
				EE157E0E2926651E00A56157 /* SwiftLint */,
				EE157F412926AFA700A56157 /* SwiftGen */,
			);
			buildRules = (
			);
			dependencies = (
			);
			name = Journeys;
			productName = Journeys;
			productReference = EE0AF93A2913010D00EC52D3 /* Journeys.app */;
			productType = "com.apple.product-type.application";
		};
/* End PBXNativeTarget section */

/* Begin PBXProject section */
		EE0AF9322913010D00EC52D3 /* Project object */ = {
			isa = PBXProject;
			attributes = {
				BuildIndependentTargetsInParallel = 1;
				LastSwiftUpdateCheck = 1320;
				LastUpgradeCheck = 1320;
				TargetAttributes = {
					EE0AF9392913010D00EC52D3 = {
						CreatedOnToolsVersion = 13.2.1;
					};
				};
			};
			buildConfigurationList = EE0AF9352913010D00EC52D3 /* Build configuration list for PBXProject "Journeys" */;
			compatibilityVersion = "Xcode 13.0";
			developmentRegion = en;
			hasScannedForEncodings = 0;
			knownRegions = (
				en,
				Base,
				ru,
			);
			mainGroup = EE0AF9312913010D00EC52D3;
			productRefGroup = EE0AF93B2913010D00EC52D3 /* Products */;
			projectDirPath = "";
			projectRoot = "";
			targets = (
				EE0AF9392913010D00EC52D3 /* Journeys */,
			);
		};
/* End PBXProject section */

/* Begin PBXResourcesBuildPhase section */
		EE0AF9382913010D00EC52D3 /* Resources */ = {
			isa = PBXResourcesBuildPhase;
			buildActionMask = 2147483647;
			files = (
				EE157F432926B2F200A56157 /* Colors.xcassets in Resources */,
				EE57FF3D2927E7E100212DC2 /* Localizable.strings in Resources */,
				EE0AF94A2913010F00EC52D3 /* LaunchScreen.storyboard in Resources */,
				EE0AF9472913010F00EC52D3 /* Assets.xcassets in Resources */,
				EE0AF9452913010D00EC52D3 /* Main.storyboard in Resources */,
				EE157F402926AEB300A56157 /* swiftgen.yml in Resources */,
			);
			runOnlyForDeploymentPostprocessing = 0;
		};
/* End PBXResourcesBuildPhase section */

/* Begin PBXShellScriptBuildPhase section */
		5B96560897EF598B6A3EA355 /* [CP] Embed Pods Frameworks */ = {
			isa = PBXShellScriptBuildPhase;
			buildActionMask = 2147483647;
			files = (
			);
			inputFileListPaths = (
				"${PODS_ROOT}/Target Support Files/Pods-Journeys/Pods-Journeys-frameworks-${CONFIGURATION}-input-files.xcfilelist",
			);
			name = "[CP] Embed Pods Frameworks";
			outputFileListPaths = (
				"${PODS_ROOT}/Target Support Files/Pods-Journeys/Pods-Journeys-frameworks-${CONFIGURATION}-output-files.xcfilelist",
			);
			runOnlyForDeploymentPostprocessing = 0;
			shellPath = /bin/sh;
			shellScript = "\"${PODS_ROOT}/Target Support Files/Pods-Journeys/Pods-Journeys-frameworks.sh\"\n";
			showEnvVarsInLog = 0;
		};
		D555645FCE2A79E138FC9C63 /* [CP] Check Pods Manifest.lock */ = {
			isa = PBXShellScriptBuildPhase;
			buildActionMask = 2147483647;
			files = (
			);
			inputFileListPaths = (
			);
			inputPaths = (
				"${PODS_PODFILE_DIR_PATH}/Podfile.lock",
				"${PODS_ROOT}/Manifest.lock",
			);
			name = "[CP] Check Pods Manifest.lock";
			outputFileListPaths = (
			);
			outputPaths = (
				"$(DERIVED_FILE_DIR)/Pods-Journeys-checkManifestLockResult.txt",
			);
			runOnlyForDeploymentPostprocessing = 0;
			shellPath = /bin/sh;
			shellScript = "diff \"${PODS_PODFILE_DIR_PATH}/Podfile.lock\" \"${PODS_ROOT}/Manifest.lock\" > /dev/null\nif [ $? != 0 ] ; then\n    # print error to STDERR\n    echo \"error: The sandbox is not in sync with the Podfile.lock. Run 'pod install' or update your CocoaPods installation.\" >&2\n    exit 1\nfi\n# This output is used by Xcode 'outputs' to avoid re-running this script phase.\necho \"SUCCESS\" > \"${SCRIPT_OUTPUT_FILE_0}\"\n";
			showEnvVarsInLog = 0;
		};
		EE157E0E2926651E00A56157 /* SwiftLint */ = {
			isa = PBXShellScriptBuildPhase;
			buildActionMask = 2147483647;
			files = (
			);
			inputFileListPaths = (
			);
			inputPaths = (
			);
			name = SwiftLint;
			outputFileListPaths = (
			);
			outputPaths = (
			);
			runOnlyForDeploymentPostprocessing = 0;
			shellPath = /bin/sh;
			shellScript = "if which ${PODS_ROOT}/SwiftLint/swiftlint > /dev/null; then\n  ${PODS_ROOT}/SwiftLint/swiftlint\nelse\n  echo \"warning: SwiftLint not installed, download from https://github.com/realm/SwiftLint\"\nfi\n";
		};
		EE157F412926AFA700A56157 /* SwiftGen */ = {
			isa = PBXShellScriptBuildPhase;
			alwaysOutOfDate = 1;
			buildActionMask = 2147483647;
			files = (
			);
			inputFileListPaths = (
			);
			inputPaths = (
			);
			name = SwiftGen;
			outputFileListPaths = (
			);
			outputPaths = (
			);
			runOnlyForDeploymentPostprocessing = 0;
			shellPath = /bin/sh;
			shellScript = "\nif [[ -f \"${PODS_ROOT}/SwiftGen/bin/swiftgen\" ]]; then\n  \"${PODS_ROOT}/SwiftGen/bin/swiftgen\"\nelse\n  echo \"warning: SwiftGen is not installed. Run 'pod install --repo-update' to install it.\"\nfi\n";
		};
/* End PBXShellScriptBuildPhase section */

/* Begin PBXSourcesBuildPhase section */
		EE0AF9362913010D00EC52D3 /* Sources */ = {
			isa = PBXSourcesBuildPhase;
			buildActionMask = 2147483647;
			files = (
				EEDAF557291C302500E6DDB9 /* SceneDelegate.swift in Sources */,
				EEFA76C7292BE88F00A0B8CA /* NewRouteCreatingModuleIO.swift in Sources */,
				EE0AF9422913010D00EC52D3 /* ViewController.swift in Sources */,
				EEDAF553291C05B300E6DDB9 /* JourneysCoordinator.swift in Sources */,
				EE57FF3F2927E8B000212DC2 /* Strings+Generated.swift in Sources */,
				EE0AF93E2913010D00EC52D3 /* AppDelegate.swift in Sources */,
				EE29EBF829191534008ECFF8 /* AppCoordinator.swift in Sources */,
				EEFA76D1292BEAAC00A0B8CA /* UITextField.swift in Sources */,
				91819FAFB33A7ABB47EAB8B0 /* TripsViewIO.swift in Sources */,
				EEFA76CB292BE88F00A0B8CA /* NewRouteCreatingViewIO.swift in Sources */,
				093861F1C840A5A7EA2ABBB0 /* TripsViewController.swift in Sources */,
				EEFA76CF292BE93500A0B8CA /* NewRouteCell.swift in Sources */,
				C4FC37CF0BB9C880525BA82D /* TripsInteractorIO.swift in Sources */,
				EE2B4126291413EC0067BE4F /* TripCell.swift in Sources */,
				A837507D56DC8E0FFC90C522 /* TripsInteractor.swift in Sources */,
				EEDAF555291C0F2200E6DDB9 /* AddTripCell.swift in Sources */,
				EEFA76D3292BED6000A0B8CA /* NewRouteCellDisplayDataFactory.swift in Sources */,
				EEFA76D9292C4EF300A0B8CA /* AddNewLocationCell.swift in Sources */,
				678EC2173D55FABDA74E2A5F /* TripsModuleIO.swift in Sources */,
				10708D44F55C9485F789DD9B /* TripsPresenter.swift in Sources */,
				668AB39849F8F5E0DBE3C8F4 /* TripsModel.swift in Sources */,
				F92CACD193BE48A33A52A5DC /* TripsRouterInput.swift in Sources */,
				EE29EBFA29191558008ECFF8 /* CoordinatorProtocol.swift in Sources */,
				0F6FD83F50CCD8533C888533 /* TripsRouter.swift in Sources */,
				7BD7FBF6368C4ADCBC0B8866 /* TripsBuilder.swift in Sources */,
				EEDAF55C291D5AF500E6DDB9 /* FloatingButton.swift in Sources */,
				EEFA76C9292BE88F00A0B8CA /* NewRouteCreatingBuilder.swift in Sources */,
				EEFA76CC292BE88F00A0B8CA /* NewRouteCreatingViewController.swift in Sources */,
				EEFA76C8292BE88F00A0B8CA /* NewRouteCreatingPresenter.swift in Sources */,
				EEFA76DB292C5E7E00A0B8CA /* CalendarCell.swift in Sources */,
				EE157F482926B39A00A56157 /* XCAssets+Generated.swift in Sources */,
				EEFA76CA292BE88F00A0B8CA /* NewRouteCreatingModel.swift in Sources */,
				877628B20E359D76C0F8AAE7 /* AddNewLocationViewIO.swift in Sources */,
				F85D180AC31F83D70AABFF62 /* AddNewLocationViewController.swift in Sources */,
				42F5E9147912D8D43EB79AA4 /* AddNewLocationModuleIO.swift in Sources */,
				B28603937176C7F2E653EB4C /* AddNewLocationPresenter.swift in Sources */,
				EFC46B44DC715D0AB5B01639 /* AddNewLocationModel.swift in Sources */,
				0D65A2337583A24729F852B1 /* AddNewLocationBuilder.swift in Sources */,
			);
			runOnlyForDeploymentPostprocessing = 0;
		};
/* End PBXSourcesBuildPhase section */

/* Begin PBXVariantGroup section */
		EE0AF9432913010D00EC52D3 /* Main.storyboard */ = {
			isa = PBXVariantGroup;
			children = (
				EE0AF9442913010D00EC52D3 /* Base */,
			);
			name = Main.storyboard;
			sourceTree = "<group>";
		};
		EE0AF9482913010F00EC52D3 /* LaunchScreen.storyboard */ = {
			isa = PBXVariantGroup;
			children = (
				EE0AF9492913010F00EC52D3 /* Base */,
			);
			name = LaunchScreen.storyboard;
			sourceTree = "<group>";
		};
		EE57FF3B2927E7E100212DC2 /* Localizable.strings */ = {
			isa = PBXVariantGroup;
			children = (
				EE57FF3C2927E7E100212DC2 /* ru */,
			);
			name = Localizable.strings;
			sourceTree = "<group>";
		};
/* End PBXVariantGroup section */

/* Begin XCBuildConfiguration section */
		EE0AF94C2913010F00EC52D3 /* Debug */ = {
			isa = XCBuildConfiguration;
			buildSettings = {
				ALWAYS_SEARCH_USER_PATHS = NO;
				CLANG_ANALYZER_NONNULL = YES;
				CLANG_ANALYZER_NUMBER_OBJECT_CONVERSION = YES_AGGRESSIVE;
				CLANG_CXX_LANGUAGE_STANDARD = "gnu++17";
				CLANG_CXX_LIBRARY = "libc++";
				CLANG_ENABLE_MODULES = YES;
				CLANG_ENABLE_OBJC_ARC = YES;
				CLANG_ENABLE_OBJC_WEAK = YES;
				CLANG_WARN_BLOCK_CAPTURE_AUTORELEASING = YES;
				CLANG_WARN_BOOL_CONVERSION = YES;
				CLANG_WARN_COMMA = YES;
				CLANG_WARN_CONSTANT_CONVERSION = YES;
				CLANG_WARN_DEPRECATED_OBJC_IMPLEMENTATIONS = YES;
				CLANG_WARN_DIRECT_OBJC_ISA_USAGE = YES_ERROR;
				CLANG_WARN_DOCUMENTATION_COMMENTS = YES;
				CLANG_WARN_EMPTY_BODY = YES;
				CLANG_WARN_ENUM_CONVERSION = YES;
				CLANG_WARN_INFINITE_RECURSION = YES;
				CLANG_WARN_INT_CONVERSION = YES;
				CLANG_WARN_NON_LITERAL_NULL_CONVERSION = YES;
				CLANG_WARN_OBJC_IMPLICIT_RETAIN_SELF = YES;
				CLANG_WARN_OBJC_LITERAL_CONVERSION = YES;
				CLANG_WARN_OBJC_ROOT_CLASS = YES_ERROR;
				CLANG_WARN_QUOTED_INCLUDE_IN_FRAMEWORK_HEADER = YES;
				CLANG_WARN_RANGE_LOOP_ANALYSIS = YES;
				CLANG_WARN_STRICT_PROTOTYPES = YES;
				CLANG_WARN_SUSPICIOUS_MOVE = YES;
				CLANG_WARN_UNGUARDED_AVAILABILITY = YES_AGGRESSIVE;
				CLANG_WARN_UNREACHABLE_CODE = YES;
				CLANG_WARN__DUPLICATE_METHOD_MATCH = YES;
				COPY_PHASE_STRIP = NO;
				DEBUG_INFORMATION_FORMAT = dwarf;
				ENABLE_STRICT_OBJC_MSGSEND = YES;
				ENABLE_TESTABILITY = YES;
				GCC_C_LANGUAGE_STANDARD = gnu11;
				GCC_DYNAMIC_NO_PIC = NO;
				GCC_NO_COMMON_BLOCKS = YES;
				GCC_OPTIMIZATION_LEVEL = 0;
				GCC_PREPROCESSOR_DEFINITIONS = (
					"DEBUG=1",
					"$(inherited)",
				);
				GCC_WARN_64_TO_32_BIT_CONVERSION = YES;
				GCC_WARN_ABOUT_RETURN_TYPE = YES_ERROR;
				GCC_WARN_UNDECLARED_SELECTOR = YES;
				GCC_WARN_UNINITIALIZED_AUTOS = YES_AGGRESSIVE;
				GCC_WARN_UNUSED_FUNCTION = YES;
				GCC_WARN_UNUSED_VARIABLE = YES;
				IPHONEOS_DEPLOYMENT_TARGET = 15.2;
				MTL_ENABLE_DEBUG_INFO = INCLUDE_SOURCE;
				MTL_FAST_MATH = YES;
				ONLY_ACTIVE_ARCH = YES;
				SDKROOT = iphoneos;
				SWIFT_ACTIVE_COMPILATION_CONDITIONS = DEBUG;
				SWIFT_OPTIMIZATION_LEVEL = "-Onone";
			};
			name = Debug;
		};
		EE0AF94D2913010F00EC52D3 /* Release */ = {
			isa = XCBuildConfiguration;
			buildSettings = {
				ALWAYS_SEARCH_USER_PATHS = NO;
				CLANG_ANALYZER_NONNULL = YES;
				CLANG_ANALYZER_NUMBER_OBJECT_CONVERSION = YES_AGGRESSIVE;
				CLANG_CXX_LANGUAGE_STANDARD = "gnu++17";
				CLANG_CXX_LIBRARY = "libc++";
				CLANG_ENABLE_MODULES = YES;
				CLANG_ENABLE_OBJC_ARC = YES;
				CLANG_ENABLE_OBJC_WEAK = YES;
				CLANG_WARN_BLOCK_CAPTURE_AUTORELEASING = YES;
				CLANG_WARN_BOOL_CONVERSION = YES;
				CLANG_WARN_COMMA = YES;
				CLANG_WARN_CONSTANT_CONVERSION = YES;
				CLANG_WARN_DEPRECATED_OBJC_IMPLEMENTATIONS = YES;
				CLANG_WARN_DIRECT_OBJC_ISA_USAGE = YES_ERROR;
				CLANG_WARN_DOCUMENTATION_COMMENTS = YES;
				CLANG_WARN_EMPTY_BODY = YES;
				CLANG_WARN_ENUM_CONVERSION = YES;
				CLANG_WARN_INFINITE_RECURSION = YES;
				CLANG_WARN_INT_CONVERSION = YES;
				CLANG_WARN_NON_LITERAL_NULL_CONVERSION = YES;
				CLANG_WARN_OBJC_IMPLICIT_RETAIN_SELF = YES;
				CLANG_WARN_OBJC_LITERAL_CONVERSION = YES;
				CLANG_WARN_OBJC_ROOT_CLASS = YES_ERROR;
				CLANG_WARN_QUOTED_INCLUDE_IN_FRAMEWORK_HEADER = YES;
				CLANG_WARN_RANGE_LOOP_ANALYSIS = YES;
				CLANG_WARN_STRICT_PROTOTYPES = YES;
				CLANG_WARN_SUSPICIOUS_MOVE = YES;
				CLANG_WARN_UNGUARDED_AVAILABILITY = YES_AGGRESSIVE;
				CLANG_WARN_UNREACHABLE_CODE = YES;
				CLANG_WARN__DUPLICATE_METHOD_MATCH = YES;
				COPY_PHASE_STRIP = NO;
				DEBUG_INFORMATION_FORMAT = "dwarf-with-dsym";
				ENABLE_NS_ASSERTIONS = NO;
				ENABLE_STRICT_OBJC_MSGSEND = YES;
				GCC_C_LANGUAGE_STANDARD = gnu11;
				GCC_NO_COMMON_BLOCKS = YES;
				GCC_WARN_64_TO_32_BIT_CONVERSION = YES;
				GCC_WARN_ABOUT_RETURN_TYPE = YES_ERROR;
				GCC_WARN_UNDECLARED_SELECTOR = YES;
				GCC_WARN_UNINITIALIZED_AUTOS = YES_AGGRESSIVE;
				GCC_WARN_UNUSED_FUNCTION = YES;
				GCC_WARN_UNUSED_VARIABLE = YES;
				IPHONEOS_DEPLOYMENT_TARGET = 15.2;
				MTL_ENABLE_DEBUG_INFO = NO;
				MTL_FAST_MATH = YES;
				SDKROOT = iphoneos;
				SWIFT_COMPILATION_MODE = wholemodule;
				SWIFT_OPTIMIZATION_LEVEL = "-O";
				VALIDATE_PRODUCT = YES;
			};
			name = Release;
		};
		EE0AF94F2913010F00EC52D3 /* Debug */ = {
			isa = XCBuildConfiguration;
			baseConfigurationReference = DCF2F17A719CC84C3C1DBBE4 /* Pods-Journeys.debug.xcconfig */;
			buildSettings = {
				ASSETCATALOG_COMPILER_APPICON_NAME = AppIcon;
				ASSETCATALOG_COMPILER_GLOBAL_ACCENT_COLOR_NAME = AccentColor;
				CODE_SIGN_STYLE = Automatic;
				CURRENT_PROJECT_VERSION = 1;
				DEVELOPMENT_TEAM = 7PH9Q6K5X2;
				GENERATE_INFOPLIST_FILE = YES;
				INFOPLIST_FILE = Journeys/Info.plist;
				INFOPLIST_KEY_UIApplicationSupportsIndirectInputEvents = YES;
				INFOPLIST_KEY_UILaunchStoryboardName = LaunchScreen;
				INFOPLIST_KEY_UIMainStoryboardFile = Main;
				INFOPLIST_KEY_UISupportedInterfaceOrientations_iPad = "UIInterfaceOrientationPortrait UIInterfaceOrientationPortraitUpsideDown UIInterfaceOrientationLandscapeLeft UIInterfaceOrientationLandscapeRight";
				INFOPLIST_KEY_UISupportedInterfaceOrientations_iPhone = "UIInterfaceOrientationPortrait UIInterfaceOrientationLandscapeLeft UIInterfaceOrientationLandscapeRight";
				LD_RUNPATH_SEARCH_PATHS = (
					"$(inherited)",
					"@executable_path/Frameworks",
				);
				MARKETING_VERSION = 1.0;
				PRODUCT_BUNDLE_IDENTIFIER = ru.noorganization.Journeys;
				PRODUCT_NAME = "$(TARGET_NAME)";
				SWIFT_EMIT_LOC_STRINGS = YES;
				SWIFT_VERSION = 5.0;
				TARGETED_DEVICE_FAMILY = "1,2";
			};
			name = Debug;
		};
		EE0AF9502913010F00EC52D3 /* Release */ = {
			isa = XCBuildConfiguration;
			baseConfigurationReference = DDA6312968B1102658E7F1AD /* Pods-Journeys.release.xcconfig */;
			buildSettings = {
				ASSETCATALOG_COMPILER_APPICON_NAME = AppIcon;
				ASSETCATALOG_COMPILER_GLOBAL_ACCENT_COLOR_NAME = AccentColor;
				CODE_SIGN_STYLE = Automatic;
				CURRENT_PROJECT_VERSION = 1;
				DEVELOPMENT_TEAM = 7PH9Q6K5X2;
				GENERATE_INFOPLIST_FILE = YES;
				INFOPLIST_FILE = Journeys/Info.plist;
				INFOPLIST_KEY_UIApplicationSupportsIndirectInputEvents = YES;
				INFOPLIST_KEY_UILaunchStoryboardName = LaunchScreen;
				INFOPLIST_KEY_UIMainStoryboardFile = Main;
				INFOPLIST_KEY_UISupportedInterfaceOrientations_iPad = "UIInterfaceOrientationPortrait UIInterfaceOrientationPortraitUpsideDown UIInterfaceOrientationLandscapeLeft UIInterfaceOrientationLandscapeRight";
				INFOPLIST_KEY_UISupportedInterfaceOrientations_iPhone = "UIInterfaceOrientationPortrait UIInterfaceOrientationLandscapeLeft UIInterfaceOrientationLandscapeRight";
				LD_RUNPATH_SEARCH_PATHS = (
					"$(inherited)",
					"@executable_path/Frameworks",
				);
				MARKETING_VERSION = 1.0;
				PRODUCT_BUNDLE_IDENTIFIER = ru.noorganization.Journeys;
				PRODUCT_NAME = "$(TARGET_NAME)";
				SWIFT_EMIT_LOC_STRINGS = YES;
				SWIFT_VERSION = 5.0;
				TARGETED_DEVICE_FAMILY = "1,2";
			};
			name = Release;
		};
/* End XCBuildConfiguration section */

/* Begin XCConfigurationList section */
		EE0AF9352913010D00EC52D3 /* Build configuration list for PBXProject "Journeys" */ = {
			isa = XCConfigurationList;
			buildConfigurations = (
				EE0AF94C2913010F00EC52D3 /* Debug */,
				EE0AF94D2913010F00EC52D3 /* Release */,
			);
			defaultConfigurationIsVisible = 0;
			defaultConfigurationName = Release;
		};
		EE0AF94E2913010F00EC52D3 /* Build configuration list for PBXNativeTarget "Journeys" */ = {
			isa = XCConfigurationList;
			buildConfigurations = (
				EE0AF94F2913010F00EC52D3 /* Debug */,
				EE0AF9502913010F00EC52D3 /* Release */,
			);
			defaultConfigurationIsVisible = 0;
			defaultConfigurationName = Release;
		};
/* End XCConfigurationList section */
	};
	rootObject = EE0AF9322913010D00EC52D3 /* Project object */;
}
